// !$*UTF8*$!
{
	archiveVersion = 1;
	classes = {
	};
	objectVersion = 50;
	objects = {

/* Begin PBXBuildFile section */
		8207CC5523E49309003D8A06 /* ActionViewController.swift in Sources */ = {isa = PBXBuildFile; fileRef = 8207CC5423E49309003D8A06 /* ActionViewController.swift */; };
		820925C223EE440500CFF991 /* NotificationCenter.swift in Sources */ = {isa = PBXBuildFile; fileRef = 820925C123EE440500CFF991 /* NotificationCenter.swift */; };
		820925C423EE464500CFF991 /* logo_dark.png in Resources */ = {isa = PBXBuildFile; fileRef = 820925C323EE464500CFF991 /* logo_dark.png */; };
		820925C623EE465300CFF991 /* logo.png in Resources */ = {isa = PBXBuildFile; fileRef = 820925C523EE465200CFF991 /* logo.png */; };
		820AE29923E762A600321834 /* Global.swift in Sources */ = {isa = PBXBuildFile; fileRef = 820AE29823E762A600321834 /* Global.swift */; };
		820AE29C23E8242200321834 /* ActionCellDelegate.swift in Sources */ = {isa = PBXBuildFile; fileRef = 820AE29B23E8242200321834 /* ActionCellDelegate.swift */; };
		820AE29E23E8242D00321834 /* ActionCellDataSource.swift in Sources */ = {isa = PBXBuildFile; fileRef = 820AE29D23E8242D00321834 /* ActionCellDataSource.swift */; };
		820AE2A223E8247600321834 /* ActionCellViewModel.swift in Sources */ = {isa = PBXBuildFile; fileRef = 820AE2A123E8247600321834 /* ActionCellViewModel.swift */; };
		820AE2A423E8248700321834 /* ActionDetailViewModel.swift in Sources */ = {isa = PBXBuildFile; fileRef = 820AE2A323E8248700321834 /* ActionDetailViewModel.swift */; };
		820AE2AA23E826F000321834 /* ActionCell.swift in Sources */ = {isa = PBXBuildFile; fileRef = 820AE2A823E826F000321834 /* ActionCell.swift */; };
		820AE2AB23E826F000321834 /* ActionCell.xib in Resources */ = {isa = PBXBuildFile; fileRef = 820AE2A923E826F000321834 /* ActionCell.xib */; };
		820AE2AE23E83E0700321834 /* ActionDetailController.swift in Sources */ = {isa = PBXBuildFile; fileRef = 820AE2AD23E83E0700321834 /* ActionDetailController.swift */; };
		820AE2B023E9D2B200321834 /* Date.swift in Sources */ = {isa = PBXBuildFile; fileRef = 820AE2AF23E9D2B200321834 /* Date.swift */; };
		820AE2B323EA3BF700321834 /* FilterCellDelegate.swift in Sources */ = {isa = PBXBuildFile; fileRef = 820AE2B223EA3BF700321834 /* FilterCellDelegate.swift */; };
		820AE2B523EA3C7700321834 /* FilterCellDataSource.swift in Sources */ = {isa = PBXBuildFile; fileRef = 820AE2B423EA3C7700321834 /* FilterCellDataSource.swift */; };
		820AE2BB23EA3CC000321834 /* FilterCell.swift in Sources */ = {isa = PBXBuildFile; fileRef = 820AE2B923EA3CC000321834 /* FilterCell.swift */; };
		820AE2BC23EA3CC000321834 /* FilterCell.xib in Resources */ = {isa = PBXBuildFile; fileRef = 820AE2BA23EA3CC000321834 /* FilterCell.xib */; };
		820E4B68234E0900002F64C4 /* Constants.swift in Sources */ = {isa = PBXBuildFile; fileRef = 820E4B67234E08FF002F64C4 /* Constants.swift */; };
		821F9DE823F0FDC900C79544 /* Chapter.swift in Sources */ = {isa = PBXBuildFile; fileRef = 821F9DE723F0FDC900C79544 /* Chapter.swift */; };
		821F9DEC23F0FE0E00C79544 /* ChapterDAO.swift in Sources */ = {isa = PBXBuildFile; fileRef = 821F9DEB23F0FE0E00C79544 /* ChapterDAO.swift */; };
		821F9DF123F0FF6700C79544 /* Chapter.json in Resources */ = {isa = PBXBuildFile; fileRef = 821F9DF023F0FF6700C79544 /* Chapter.json */; };
		821F9DF323F102DB00C79544 /* ChapterHandler.swift in Sources */ = {isa = PBXBuildFile; fileRef = 821F9DF223F102DB00C79544 /* ChapterHandler.swift */; };
		823922BD23E4A6CB00DA2255 /* Keyboard.swift in Sources */ = {isa = PBXBuildFile; fileRef = 823922BC23E4A6CB00DA2255 /* Keyboard.swift */; };
		823922C123E51F5B00DA2255 /* ImageProfileCell.swift in Sources */ = {isa = PBXBuildFile; fileRef = 823922BF23E51F5B00DA2255 /* ImageProfileCell.swift */; };
		823922C223E51F5B00DA2255 /* ImageProfileCell.xib in Resources */ = {isa = PBXBuildFile; fileRef = 823922C023E51F5B00DA2255 /* ImageProfileCell.xib */; };
		823922C623E5204400DA2255 /* ImageProfileCellDelegate.swift in Sources */ = {isa = PBXBuildFile; fileRef = 823922C523E5204400DA2255 /* ImageProfileCellDelegate.swift */; };
		823922C823E5205F00DA2255 /* ImageProfileCellDataSource.swift in Sources */ = {isa = PBXBuildFile; fileRef = 823922C723E5205F00DA2255 /* ImageProfileCellDataSource.swift */; };
		8246345D23D9113E00AA58F6 /* Centrale Sans Extra Thin.otf in Resources */ = {isa = PBXBuildFile; fileRef = 8246345C23D9113A00AA58F6 /* Centrale Sans Extra Thin.otf */; };
		8246346123D911B000AA58F6 /* Centrale Sans Medium.otf in Resources */ = {isa = PBXBuildFile; fileRef = 8246346023D911B000AA58F6 /* Centrale Sans Medium.otf */; };
		8246346323D9123F00AA58F6 /* Centrale Sans Thin.otf in Resources */ = {isa = PBXBuildFile; fileRef = 8246346223D9123F00AA58F6 /* Centrale Sans Thin.otf */; };
		8265181E23E575850035E91E /* EventManager.swift in Sources */ = {isa = PBXBuildFile; fileRef = 8265181D23E575850035E91E /* EventManager.swift */; };
		8265182123E57EB60035E91E /* AllPrayersController.swift in Sources */ = {isa = PBXBuildFile; fileRef = 8265182023E57EB60035E91E /* AllPrayersController.swift */; };
		8265182423E5805E0035E91E /* PrayerAllCellDelegate.swift in Sources */ = {isa = PBXBuildFile; fileRef = 8265182323E5805E0035E91E /* PrayerAllCellDelegate.swift */; };
		8265182623E5806A0035E91E /* PrayerAllCellDataSource.swift in Sources */ = {isa = PBXBuildFile; fileRef = 8265182523E5806A0035E91E /* PrayerAllCellDataSource.swift */; };
		8265182923E6119F0035E91E /* PrayerDetailController.swift in Sources */ = {isa = PBXBuildFile; fileRef = 8265182823E6119F0035E91E /* PrayerDetailController.swift */; };
		8265182C23E611E50035E91E /* PrayerDetailViewModel.swift in Sources */ = {isa = PBXBuildFile; fileRef = 8265182B23E611E50035E91E /* PrayerDetailViewModel.swift */; };
		826E91E623EE9CA900E65A48 /* Notification.swift in Sources */ = {isa = PBXBuildFile; fileRef = 826E91E523EE9CA900E65A48 /* Notification.swift */; };
		8272B22423DFC26F00CFFD9B /* PrayerCellViewModel.swift in Sources */ = {isa = PBXBuildFile; fileRef = 8272B22323DFC26F00CFFD9B /* PrayerCellViewModel.swift */; };
		827ADDB723E557BB004156CB /* ConfigurationController.swift in Sources */ = {isa = PBXBuildFile; fileRef = 827ADDB623E557BB004156CB /* ConfigurationController.swift */; };
		827ADDBA23E55C49004156CB /* UserDefaults.swift in Sources */ = {isa = PBXBuildFile; fileRef = 827ADDB923E55C49004156CB /* UserDefaults.swift */; };
		827ADDBC23E56785004156CB /* DateUtils.swift in Sources */ = {isa = PBXBuildFile; fileRef = 827ADDBB23E56785004156CB /* DateUtils.swift */; };
		827C564B23ECA8B100398190 /* AppIcon-DarkMode@2x.png in Resources */ = {isa = PBXBuildFile; fileRef = 827C564A23ECA8B100398190 /* AppIcon-DarkMode@2x.png */; };
		827C564D23ECA8B800398190 /* AppIcon-DarkMode@3x.png in Resources */ = {isa = PBXBuildFile; fileRef = 827C564C23ECA8B700398190 /* AppIcon-DarkMode@3x.png */; };
		827E4A7923DB8A6D00C99BF0 /* Gradient.swift in Sources */ = {isa = PBXBuildFile; fileRef = 827E4A7823DB8A6D00C99BF0 /* Gradient.swift */; };
		827E4A7B23DB90C700C99BF0 /* MainController.swift in Sources */ = {isa = PBXBuildFile; fileRef = 827E4A7A23DB90C700C99BF0 /* MainController.swift */; };
		827EB45523DD033D00F8C3E1 /* PrayerCell.swift in Sources */ = {isa = PBXBuildFile; fileRef = 827EB45323DD033D00F8C3E1 /* PrayerCell.swift */; };
		827EB45623DD033D00F8C3E1 /* PrayerCell.xib in Resources */ = {isa = PBXBuildFile; fileRef = 827EB45423DD033D00F8C3E1 /* PrayerCell.xib */; };
		827EB45823DD04FB00F8C3E1 /* PictureImageView.swift in Sources */ = {isa = PBXBuildFile; fileRef = 827EB45723DD04FB00F8C3E1 /* PictureImageView.swift */; };
		827EB45C23DD0A0200F8C3E1 /* PrayerCellDataSource.swift in Sources */ = {isa = PBXBuildFile; fileRef = 827EB45B23DD0A0200F8C3E1 /* PrayerCellDataSource.swift */; };
		827EB45E23DD0A1800F8C3E1 /* PrayerCellDelegate.swift in Sources */ = {isa = PBXBuildFile; fileRef = 827EB45D23DD0A1800F8C3E1 /* PrayerCellDelegate.swift */; };
		827EB46223DD0DFD00F8C3E1 /* AllPrayerCell.swift in Sources */ = {isa = PBXBuildFile; fileRef = 827EB46023DD0DFD00F8C3E1 /* AllPrayerCell.swift */; };
		827EB46323DD0DFD00F8C3E1 /* AllPrayerCell.xib in Resources */ = {isa = PBXBuildFile; fileRef = 827EB46123DD0DFD00F8C3E1 /* AllPrayerCell.xib */; };
		8285005D23E4A13D00F2B9FE /* UIColor.swift in Sources */ = {isa = PBXBuildFile; fileRef = 8285005C23E4A13D00F2B9FE /* UIColor.swift */; };
		828A749F23E758430002424B /* ImpactFeedback.swift in Sources */ = {isa = PBXBuildFile; fileRef = 828A749E23E758430002424B /* ImpactFeedback.swift */; };
		82A5B7D2232A73FF009AC33C /* String.swift in Sources */ = {isa = PBXBuildFile; fileRef = 82A5B7D1232A73FF009AC33C /* String.swift */; };
		82B3889623E54C7B00D9B2CE /* PickerPersonDelegate.swift in Sources */ = {isa = PBXBuildFile; fileRef = 82B3889523E54C7B00D9B2CE /* PickerPersonDelegate.swift */; };
		82B3889923E54CB800D9B2CE /* PickerPersonDataSource.swift in Sources */ = {isa = PBXBuildFile; fileRef = 82B3889823E54CB800D9B2CE /* PickerPersonDataSource.swift */; };
		82C8DD1223ED3B5B002DA2FE /* IconUltils.swift in Sources */ = {isa = PBXBuildFile; fileRef = 82C8DD1123ED3B5B002DA2FE /* IconUltils.swift */; };
		82C8DD1423ED3D90002DA2FE /* AppIcon@3x.png in Resources */ = {isa = PBXBuildFile; fileRef = 82C8DD1323ED3D90002DA2FE /* AppIcon@3x.png */; };
		82C8DD1623ED3D95002DA2FE /* AppIcon@2x.png in Resources */ = {isa = PBXBuildFile; fileRef = 82C8DD1523ED3D95002DA2FE /* AppIcon@2x.png */; };
		82CB9FD323EC60FA0062E350 /* UIView.swift in Sources */ = {isa = PBXBuildFile; fileRef = 82CB9FD223EC60FA0062E350 /* UIView.swift */; };
		82CB9FD523EC61350062E350 /* CustomUIButton.swift in Sources */ = {isa = PBXBuildFile; fileRef = 82CB9FD423EC61350062E350 /* CustomUIButton.swift */; };
		82ED19BF23E3A4B400C4337E /* PrayerViewController.swift in Sources */ = {isa = PBXBuildFile; fileRef = 82ED19BE23E3A4B400C4337E /* PrayerViewController.swift */; };
		82F14C8923E5309E00D20107 /* RepeatCell.swift in Sources */ = {isa = PBXBuildFile; fileRef = 82F14C8723E5309E00D20107 /* RepeatCell.swift */; };
		82F14C8A23E5309E00D20107 /* RepeatCell.xib in Resources */ = {isa = PBXBuildFile; fileRef = 82F14C8823E5309E00D20107 /* RepeatCell.xib */; };
		82F14C8D23E530BF00D20107 /* RepeatCellDelegate.swift in Sources */ = {isa = PBXBuildFile; fileRef = 82F14C8C23E530BF00D20107 /* RepeatCellDelegate.swift */; };
		82F14C8F23E530C800D20107 /* RepeatCellDataSource.swift in Sources */ = {isa = PBXBuildFile; fileRef = 82F14C8E23E530C800D20107 /* RepeatCellDataSource.swift */; };
		82F2E60F23EC513E0007678D /* UIAlert.swift in Sources */ = {isa = PBXBuildFile; fileRef = 82F2E60E23EC513E0007678D /* UIAlert.swift */; };
		82F2E61423EC5EDC0007678D /* TutorialController.swift in Sources */ = {isa = PBXBuildFile; fileRef = 82F2E61323EC5EDC0007678D /* TutorialController.swift */; };
		82F2E61623EC5EF60007678D /* TutorialPageController.swift in Sources */ = {isa = PBXBuildFile; fileRef = 82F2E61523EC5EF60007678D /* TutorialPageController.swift */; };
		82F4180123ED226C0099C3BA /* SwitcherVC.swift in Sources */ = {isa = PBXBuildFile; fileRef = 82F4180023ED226C0099C3BA /* SwitcherVC.swift */; };
		82FE2E8C23E3B6D400C8EB96 /* PlaceholderColor.swift in Sources */ = {isa = PBXBuildFile; fileRef = 82FE2E8B23E3B6D400C8EB96 /* PlaceholderColor.swift */; };
		82FE2E8E23E3BB4500C8EB96 /* UITextField.swift in Sources */ = {isa = PBXBuildFile; fileRef = 82FE2E8D23E3BB4500C8EB96 /* UITextField.swift */; };
		82FE2E9123E3C0D400C8EB96 /* TextFieldWithReturn.swift in Sources */ = {isa = PBXBuildFile; fileRef = 82FE2E9023E3C0D400C8EB96 /* TextFieldWithReturn.swift */; };
		8611756522D4361800DACA7A /* Centrale Sans Regular.otf in Resources */ = {isa = PBXBuildFile; fileRef = 8611756322D4361800DACA7A /* Centrale Sans Regular.otf */; };
		8611756622D4361800DACA7A /* Centrale Sans Bold.otf in Resources */ = {isa = PBXBuildFile; fileRef = 8611756422D4361800DACA7A /* Centrale Sans Bold.otf */; };
		8628F5CA22CFD65800844544 /* CoreDataManager.swift in Sources */ = {isa = PBXBuildFile; fileRef = 8628F5C922CFD65800844544 /* CoreDataManager.swift */; };
		8628F5CC22CFD9BA00844544 /* GenericDAO.swift in Sources */ = {isa = PBXBuildFile; fileRef = 8628F5CB22CFD9BA00844544 /* GenericDAO.swift */; };
		8699400F22D40B8E00069F8F /* ActionDAO.swift in Sources */ = {isa = PBXBuildFile; fileRef = 8699400E22D40B8E00069F8F /* ActionDAO.swift */; };
		8699401122D40BC900069F8F /* Action.swift in Sources */ = {isa = PBXBuildFile; fileRef = 8699401022D40BC900069F8F /* Action.swift */; };
		8699401322D40C7600069F8F /* ActionHandler.swift in Sources */ = {isa = PBXBuildFile; fileRef = 8699401222D40C7600069F8F /* ActionHandler.swift */; };
		86CC745D22CFDB4F00D5174E /* PrayerDAO.swift in Sources */ = {isa = PBXBuildFile; fileRef = 86CC745C22CFDB4F00D5174E /* PrayerDAO.swift */; };
		86CC746422CFDCF200D5174E /* Prayer.swift in Sources */ = {isa = PBXBuildFile; fileRef = 86CC746322CFDCF200D5174E /* Prayer.swift */; };
		86CC746622CFDD0D00D5174E /* PrayerHandler.swift in Sources */ = {isa = PBXBuildFile; fileRef = 86CC746522CFDD0D00D5174E /* PrayerHandler.swift */; };
		86F426A022CAA5E80032AA5B /* AppDelegate.swift in Sources */ = {isa = PBXBuildFile; fileRef = 86F4269F22CAA5E80032AA5B /* AppDelegate.swift */; };
		86F426A522CAA5E80032AA5B /* Main.storyboard in Resources */ = {isa = PBXBuildFile; fileRef = 86F426A322CAA5E80032AA5B /* Main.storyboard */; };
		86F426A822CAA5E80032AA5B /* PropositoClient.xcdatamodeld in Sources */ = {isa = PBXBuildFile; fileRef = 86F426A622CAA5E80032AA5B /* PropositoClient.xcdatamodeld */; };
		86F426AA22CAA5EA0032AA5B /* Assets.xcassets in Resources */ = {isa = PBXBuildFile; fileRef = 86F426A922CAA5EA0032AA5B /* Assets.xcassets */; };
		86F426AD22CAA5EA0032AA5B /* LaunchScreen.storyboard in Resources */ = {isa = PBXBuildFile; fileRef = 86F426AB22CAA5EA0032AA5B /* LaunchScreen.storyboard */; };
		86F426BC22CAAAD50032AA5B /* Cell.xib in Resources */ = {isa = PBXBuildFile; fileRef = 86F426BB22CAAAD50032AA5B /* Cell.xib */; };
		86F426C422CAAD140032AA5B /* Cell.swift in Sources */ = {isa = PBXBuildFile; fileRef = 86F426C322CAAD140032AA5B /* Cell.swift */; };
		86F426C622CAAD220032AA5B /* CardModel.swift in Sources */ = {isa = PBXBuildFile; fileRef = 86F426C522CAAD220032AA5B /* CardModel.swift */; };
		86F426C822CAAD4D0032AA5B /* ViewModel.swift in Sources */ = {isa = PBXBuildFile; fileRef = 86F426C722CAAD4D0032AA5B /* ViewModel.swift */; };
/* End PBXBuildFile section */

/* Begin PBXFileReference section */
		8207CC5423E49309003D8A06 /* ActionViewController.swift */ = {isa = PBXFileReference; lastKnownFileType = sourcecode.swift; path = ActionViewController.swift; sourceTree = "<group>"; };
		820925C123EE440500CFF991 /* NotificationCenter.swift */ = {isa = PBXFileReference; lastKnownFileType = sourcecode.swift; path = NotificationCenter.swift; sourceTree = "<group>"; };
		820925C323EE464500CFF991 /* logo_dark.png */ = {isa = PBXFileReference; lastKnownFileType = image.png; path = logo_dark.png; sourceTree = "<group>"; };
		820925C523EE465200CFF991 /* logo.png */ = {isa = PBXFileReference; lastKnownFileType = image.png; path = logo.png; sourceTree = "<group>"; };
		820AE29823E762A600321834 /* Global.swift */ = {isa = PBXFileReference; lastKnownFileType = sourcecode.swift; path = Global.swift; sourceTree = "<group>"; };
		820AE29B23E8242200321834 /* ActionCellDelegate.swift */ = {isa = PBXFileReference; lastKnownFileType = sourcecode.swift; path = ActionCellDelegate.swift; sourceTree = "<group>"; };
		820AE29D23E8242D00321834 /* ActionCellDataSource.swift */ = {isa = PBXFileReference; lastKnownFileType = sourcecode.swift; path = ActionCellDataSource.swift; sourceTree = "<group>"; };
		820AE2A123E8247600321834 /* ActionCellViewModel.swift */ = {isa = PBXFileReference; lastKnownFileType = sourcecode.swift; path = ActionCellViewModel.swift; sourceTree = "<group>"; };
		820AE2A323E8248700321834 /* ActionDetailViewModel.swift */ = {isa = PBXFileReference; lastKnownFileType = sourcecode.swift; path = ActionDetailViewModel.swift; sourceTree = "<group>"; };
		820AE2A823E826F000321834 /* ActionCell.swift */ = {isa = PBXFileReference; lastKnownFileType = sourcecode.swift; path = ActionCell.swift; sourceTree = "<group>"; };
		820AE2A923E826F000321834 /* ActionCell.xib */ = {isa = PBXFileReference; lastKnownFileType = file.xib; path = ActionCell.xib; sourceTree = "<group>"; };
		820AE2AD23E83E0700321834 /* ActionDetailController.swift */ = {isa = PBXFileReference; lastKnownFileType = sourcecode.swift; path = ActionDetailController.swift; sourceTree = "<group>"; };
		820AE2AF23E9D2B200321834 /* Date.swift */ = {isa = PBXFileReference; lastKnownFileType = sourcecode.swift; path = Date.swift; sourceTree = "<group>"; };
		820AE2B223EA3BF700321834 /* FilterCellDelegate.swift */ = {isa = PBXFileReference; lastKnownFileType = sourcecode.swift; path = FilterCellDelegate.swift; sourceTree = "<group>"; };
		820AE2B423EA3C7700321834 /* FilterCellDataSource.swift */ = {isa = PBXFileReference; lastKnownFileType = sourcecode.swift; path = FilterCellDataSource.swift; sourceTree = "<group>"; };
		820AE2B923EA3CC000321834 /* FilterCell.swift */ = {isa = PBXFileReference; lastKnownFileType = sourcecode.swift; path = FilterCell.swift; sourceTree = "<group>"; };
		820AE2BA23EA3CC000321834 /* FilterCell.xib */ = {isa = PBXFileReference; lastKnownFileType = file.xib; path = FilterCell.xib; sourceTree = "<group>"; };
		820E4B67234E08FF002F64C4 /* Constants.swift */ = {isa = PBXFileReference; lastKnownFileType = sourcecode.swift; path = Constants.swift; sourceTree = "<group>"; };
		821F9DE723F0FDC900C79544 /* Chapter.swift */ = {isa = PBXFileReference; lastKnownFileType = sourcecode.swift; path = Chapter.swift; sourceTree = "<group>"; };
		821F9DEB23F0FE0E00C79544 /* ChapterDAO.swift */ = {isa = PBXFileReference; lastKnownFileType = sourcecode.swift; path = ChapterDAO.swift; sourceTree = "<group>"; };
		821F9DF023F0FF6700C79544 /* Chapter.json */ = {isa = PBXFileReference; lastKnownFileType = text.json; path = Chapter.json; sourceTree = "<group>"; };
		821F9DF223F102DB00C79544 /* ChapterHandler.swift */ = {isa = PBXFileReference; lastKnownFileType = sourcecode.swift; path = ChapterHandler.swift; sourceTree = "<group>"; };
		823922BC23E4A6CB00DA2255 /* Keyboard.swift */ = {isa = PBXFileReference; lastKnownFileType = sourcecode.swift; path = Keyboard.swift; sourceTree = "<group>"; };
		823922BF23E51F5B00DA2255 /* ImageProfileCell.swift */ = {isa = PBXFileReference; lastKnownFileType = sourcecode.swift; path = ImageProfileCell.swift; sourceTree = "<group>"; };
		823922C023E51F5B00DA2255 /* ImageProfileCell.xib */ = {isa = PBXFileReference; lastKnownFileType = file.xib; path = ImageProfileCell.xib; sourceTree = "<group>"; };
		823922C523E5204400DA2255 /* ImageProfileCellDelegate.swift */ = {isa = PBXFileReference; lastKnownFileType = sourcecode.swift; path = ImageProfileCellDelegate.swift; sourceTree = "<group>"; };
		823922C723E5205F00DA2255 /* ImageProfileCellDataSource.swift */ = {isa = PBXFileReference; lastKnownFileType = sourcecode.swift; path = ImageProfileCellDataSource.swift; sourceTree = "<group>"; };
		8246345C23D9113A00AA58F6 /* Centrale Sans Extra Thin.otf */ = {isa = PBXFileReference; lastKnownFileType = file; path = "Centrale Sans Extra Thin.otf"; sourceTree = "<group>"; };
		8246346023D911B000AA58F6 /* Centrale Sans Medium.otf */ = {isa = PBXFileReference; lastKnownFileType = file; name = "Centrale Sans Medium.otf"; path = "PropositoClient/Fonts/Centrale Sans Medium.otf"; sourceTree = SOURCE_ROOT; };
		8246346223D9123F00AA58F6 /* Centrale Sans Thin.otf */ = {isa = PBXFileReference; lastKnownFileType = file; path = "Centrale Sans Thin.otf"; sourceTree = "<group>"; };
		8265181D23E575850035E91E /* EventManager.swift */ = {isa = PBXFileReference; lastKnownFileType = sourcecode.swift; path = EventManager.swift; sourceTree = "<group>"; };
		8265182023E57EB60035E91E /* AllPrayersController.swift */ = {isa = PBXFileReference; lastKnownFileType = sourcecode.swift; path = AllPrayersController.swift; sourceTree = "<group>"; };
		8265182323E5805E0035E91E /* PrayerAllCellDelegate.swift */ = {isa = PBXFileReference; lastKnownFileType = sourcecode.swift; path = PrayerAllCellDelegate.swift; sourceTree = "<group>"; };
		8265182523E5806A0035E91E /* PrayerAllCellDataSource.swift */ = {isa = PBXFileReference; lastKnownFileType = sourcecode.swift; path = PrayerAllCellDataSource.swift; sourceTree = "<group>"; };
		8265182823E6119F0035E91E /* PrayerDetailController.swift */ = {isa = PBXFileReference; lastKnownFileType = sourcecode.swift; path = PrayerDetailController.swift; sourceTree = "<group>"; };
		8265182B23E611E50035E91E /* PrayerDetailViewModel.swift */ = {isa = PBXFileReference; lastKnownFileType = sourcecode.swift; path = PrayerDetailViewModel.swift; sourceTree = "<group>"; };
		826E91E523EE9CA900E65A48 /* Notification.swift */ = {isa = PBXFileReference; lastKnownFileType = sourcecode.swift; path = Notification.swift; sourceTree = "<group>"; };
		8272B22323DFC26F00CFFD9B /* PrayerCellViewModel.swift */ = {isa = PBXFileReference; lastKnownFileType = sourcecode.swift; path = PrayerCellViewModel.swift; sourceTree = "<group>"; };
		827ADDB623E557BB004156CB /* ConfigurationController.swift */ = {isa = PBXFileReference; lastKnownFileType = sourcecode.swift; path = ConfigurationController.swift; sourceTree = "<group>"; };
		827ADDB923E55C49004156CB /* UserDefaults.swift */ = {isa = PBXFileReference; lastKnownFileType = sourcecode.swift; path = UserDefaults.swift; sourceTree = "<group>"; };
		827ADDBB23E56785004156CB /* DateUtils.swift */ = {isa = PBXFileReference; lastKnownFileType = sourcecode.swift; path = DateUtils.swift; sourceTree = "<group>"; };
		827C564A23ECA8B100398190 /* AppIcon-DarkMode@2x.png */ = {isa = PBXFileReference; lastKnownFileType = image.png; path = "AppIcon-DarkMode@2x.png"; sourceTree = "<group>"; };
		827C564C23ECA8B700398190 /* AppIcon-DarkMode@3x.png */ = {isa = PBXFileReference; lastKnownFileType = image.png; path = "AppIcon-DarkMode@3x.png"; sourceTree = "<group>"; };
		827E4A7823DB8A6D00C99BF0 /* Gradient.swift */ = {isa = PBXFileReference; lastKnownFileType = sourcecode.swift; path = Gradient.swift; sourceTree = "<group>"; };
		827E4A7A23DB90C700C99BF0 /* MainController.swift */ = {isa = PBXFileReference; lastKnownFileType = sourcecode.swift; path = MainController.swift; sourceTree = "<group>"; };
		827EB45323DD033D00F8C3E1 /* PrayerCell.swift */ = {isa = PBXFileReference; lastKnownFileType = sourcecode.swift; path = PrayerCell.swift; sourceTree = "<group>"; };
		827EB45423DD033D00F8C3E1 /* PrayerCell.xib */ = {isa = PBXFileReference; lastKnownFileType = file.xib; path = PrayerCell.xib; sourceTree = "<group>"; };
		827EB45723DD04FB00F8C3E1 /* PictureImageView.swift */ = {isa = PBXFileReference; lastKnownFileType = sourcecode.swift; path = PictureImageView.swift; sourceTree = "<group>"; };
		827EB45B23DD0A0200F8C3E1 /* PrayerCellDataSource.swift */ = {isa = PBXFileReference; lastKnownFileType = sourcecode.swift; path = PrayerCellDataSource.swift; sourceTree = "<group>"; };
		827EB45D23DD0A1800F8C3E1 /* PrayerCellDelegate.swift */ = {isa = PBXFileReference; lastKnownFileType = sourcecode.swift; path = PrayerCellDelegate.swift; sourceTree = "<group>"; };
		827EB46023DD0DFD00F8C3E1 /* AllPrayerCell.swift */ = {isa = PBXFileReference; lastKnownFileType = sourcecode.swift; path = AllPrayerCell.swift; sourceTree = "<group>"; };
		827EB46123DD0DFD00F8C3E1 /* AllPrayerCell.xib */ = {isa = PBXFileReference; lastKnownFileType = file.xib; path = AllPrayerCell.xib; sourceTree = "<group>"; };
		8285005C23E4A13D00F2B9FE /* UIColor.swift */ = {isa = PBXFileReference; lastKnownFileType = sourcecode.swift; path = UIColor.swift; sourceTree = "<group>"; };
		828A749E23E758430002424B /* ImpactFeedback.swift */ = {isa = PBXFileReference; lastKnownFileType = sourcecode.swift; path = ImpactFeedback.swift; sourceTree = "<group>"; };
		82A5B7D1232A73FF009AC33C /* String.swift */ = {isa = PBXFileReference; fileEncoding = 4; lastKnownFileType = sourcecode.swift; name = String.swift; path = PropositoClient/String.swift; sourceTree = SOURCE_ROOT; };
		82B3889523E54C7B00D9B2CE /* PickerPersonDelegate.swift */ = {isa = PBXFileReference; lastKnownFileType = sourcecode.swift; path = PickerPersonDelegate.swift; sourceTree = "<group>"; };
		82B3889823E54CB800D9B2CE /* PickerPersonDataSource.swift */ = {isa = PBXFileReference; lastKnownFileType = sourcecode.swift; path = PickerPersonDataSource.swift; sourceTree = "<group>"; };
		82C8DD1123ED3B5B002DA2FE /* IconUltils.swift */ = {isa = PBXFileReference; lastKnownFileType = sourcecode.swift; path = IconUltils.swift; sourceTree = "<group>"; };
		82C8DD1323ED3D90002DA2FE /* AppIcon@3x.png */ = {isa = PBXFileReference; lastKnownFileType = image.png; path = "AppIcon@3x.png"; sourceTree = "<group>"; };
		82C8DD1523ED3D95002DA2FE /* AppIcon@2x.png */ = {isa = PBXFileReference; lastKnownFileType = image.png; path = "AppIcon@2x.png"; sourceTree = "<group>"; };
		82CB9FD223EC60FA0062E350 /* UIView.swift */ = {isa = PBXFileReference; fileEncoding = 4; lastKnownFileType = sourcecode.swift; name = UIView.swift; path = PropositoClient/Controller/ViewController/Main/UIView.swift; sourceTree = SOURCE_ROOT; };
		82CB9FD423EC61350062E350 /* CustomUIButton.swift */ = {isa = PBXFileReference; lastKnownFileType = sourcecode.swift; path = CustomUIButton.swift; sourceTree = "<group>"; };
		82ED19BE23E3A4B400C4337E /* PrayerViewController.swift */ = {isa = PBXFileReference; lastKnownFileType = sourcecode.swift; path = PrayerViewController.swift; sourceTree = "<group>"; };
		82F14C8723E5309E00D20107 /* RepeatCell.swift */ = {isa = PBXFileReference; lastKnownFileType = sourcecode.swift; path = RepeatCell.swift; sourceTree = "<group>"; };
		82F14C8823E5309E00D20107 /* RepeatCell.xib */ = {isa = PBXFileReference; lastKnownFileType = file.xib; path = RepeatCell.xib; sourceTree = "<group>"; };
		82F14C8C23E530BF00D20107 /* RepeatCellDelegate.swift */ = {isa = PBXFileReference; lastKnownFileType = sourcecode.swift; path = RepeatCellDelegate.swift; sourceTree = "<group>"; };
		82F14C8E23E530C800D20107 /* RepeatCellDataSource.swift */ = {isa = PBXFileReference; lastKnownFileType = sourcecode.swift; path = RepeatCellDataSource.swift; sourceTree = "<group>"; };
		82F2E60E23EC513E0007678D /* UIAlert.swift */ = {isa = PBXFileReference; lastKnownFileType = sourcecode.swift; path = UIAlert.swift; sourceTree = "<group>"; };
		82F2E61323EC5EDC0007678D /* TutorialController.swift */ = {isa = PBXFileReference; lastKnownFileType = sourcecode.swift; path = TutorialController.swift; sourceTree = "<group>"; };
		82F2E61523EC5EF60007678D /* TutorialPageController.swift */ = {isa = PBXFileReference; lastKnownFileType = sourcecode.swift; path = TutorialPageController.swift; sourceTree = "<group>"; };
		82F4180023ED226C0099C3BA /* SwitcherVC.swift */ = {isa = PBXFileReference; lastKnownFileType = sourcecode.swift; path = SwitcherVC.swift; sourceTree = "<group>"; };
		82FE2E8B23E3B6D400C8EB96 /* PlaceholderColor.swift */ = {isa = PBXFileReference; lastKnownFileType = sourcecode.swift; path = PlaceholderColor.swift; sourceTree = "<group>"; };
		82FE2E8D23E3BB4500C8EB96 /* UITextField.swift */ = {isa = PBXFileReference; lastKnownFileType = sourcecode.swift; name = UITextField.swift; path = PropositoClient/View/Designable/UITextField.swift; sourceTree = SOURCE_ROOT; };
		82FE2E9023E3C0D400C8EB96 /* TextFieldWithReturn.swift */ = {isa = PBXFileReference; lastKnownFileType = sourcecode.swift; path = TextFieldWithReturn.swift; sourceTree = "<group>"; };
		8611756322D4361800DACA7A /* Centrale Sans Regular.otf */ = {isa = PBXFileReference; lastKnownFileType = file; path = "Centrale Sans Regular.otf"; sourceTree = "<group>"; };
		8611756422D4361800DACA7A /* Centrale Sans Bold.otf */ = {isa = PBXFileReference; lastKnownFileType = file; path = "Centrale Sans Bold.otf"; sourceTree = "<group>"; };
		8628F5C922CFD65800844544 /* CoreDataManager.swift */ = {isa = PBXFileReference; lastKnownFileType = sourcecode.swift; path = CoreDataManager.swift; sourceTree = "<group>"; };
		8628F5CB22CFD9BA00844544 /* GenericDAO.swift */ = {isa = PBXFileReference; lastKnownFileType = sourcecode.swift; path = GenericDAO.swift; sourceTree = "<group>"; };
		8699400E22D40B8E00069F8F /* ActionDAO.swift */ = {isa = PBXFileReference; lastKnownFileType = sourcecode.swift; path = ActionDAO.swift; sourceTree = "<group>"; };
		8699401022D40BC900069F8F /* Action.swift */ = {isa = PBXFileReference; lastKnownFileType = sourcecode.swift; path = Action.swift; sourceTree = "<group>"; };
		8699401222D40C7600069F8F /* ActionHandler.swift */ = {isa = PBXFileReference; lastKnownFileType = sourcecode.swift; path = ActionHandler.swift; sourceTree = "<group>"; };
		86CC745C22CFDB4F00D5174E /* PrayerDAO.swift */ = {isa = PBXFileReference; lastKnownFileType = sourcecode.swift; path = PrayerDAO.swift; sourceTree = "<group>"; };
		86CC746322CFDCF200D5174E /* Prayer.swift */ = {isa = PBXFileReference; lastKnownFileType = sourcecode.swift; path = Prayer.swift; sourceTree = "<group>"; };
		86CC746522CFDD0D00D5174E /* PrayerHandler.swift */ = {isa = PBXFileReference; lastKnownFileType = sourcecode.swift; path = PrayerHandler.swift; sourceTree = "<group>"; };
		86F4269C22CAA5E80032AA5B /* PropositoClient.app */ = {isa = PBXFileReference; explicitFileType = wrapper.application; includeInIndex = 0; path = PropositoClient.app; sourceTree = BUILT_PRODUCTS_DIR; };
		86F4269F22CAA5E80032AA5B /* AppDelegate.swift */ = {isa = PBXFileReference; lastKnownFileType = sourcecode.swift; path = AppDelegate.swift; sourceTree = "<group>"; };
		86F426A422CAA5E80032AA5B /* Base */ = {isa = PBXFileReference; lastKnownFileType = file.storyboard; name = Base; path = Base.lproj/Main.storyboard; sourceTree = "<group>"; };
		86F426A722CAA5E80032AA5B /* PropositoClient.xcdatamodel */ = {isa = PBXFileReference; lastKnownFileType = wrapper.xcdatamodel; path = PropositoClient.xcdatamodel; sourceTree = "<group>"; };
		86F426A922CAA5EA0032AA5B /* Assets.xcassets */ = {isa = PBXFileReference; lastKnownFileType = folder.assetcatalog; path = Assets.xcassets; sourceTree = "<group>"; };
		86F426AC22CAA5EA0032AA5B /* Base */ = {isa = PBXFileReference; lastKnownFileType = file.storyboard; name = Base; path = Base.lproj/LaunchScreen.storyboard; sourceTree = "<group>"; };
		86F426AE22CAA5EA0032AA5B /* Info.plist */ = {isa = PBXFileReference; lastKnownFileType = text.plist.xml; path = Info.plist; sourceTree = "<group>"; };
		86F426BB22CAAAD50032AA5B /* Cell.xib */ = {isa = PBXFileReference; lastKnownFileType = file.xib; path = Cell.xib; sourceTree = "<group>"; };
		86F426C322CAAD140032AA5B /* Cell.swift */ = {isa = PBXFileReference; lastKnownFileType = sourcecode.swift; path = Cell.swift; sourceTree = "<group>"; };
		86F426C522CAAD220032AA5B /* CardModel.swift */ = {isa = PBXFileReference; lastKnownFileType = sourcecode.swift; path = CardModel.swift; sourceTree = "<group>"; };
		86F426C722CAAD4D0032AA5B /* ViewModel.swift */ = {isa = PBXFileReference; lastKnownFileType = sourcecode.swift; path = ViewModel.swift; sourceTree = "<group>"; };
/* End PBXFileReference section */

/* Begin PBXFrameworksBuildPhase section */
		86F4269922CAA5E80032AA5B /* Frameworks */ = {
			isa = PBXFrameworksBuildPhase;
			buildActionMask = 2147483647;
			files = (
			);
			runOnlyForDeploymentPostprocessing = 0;
		};
/* End PBXFrameworksBuildPhase section */

/* Begin PBXGroup section */
		820925C723EE465800CFF991 /* logo */ = {
			isa = PBXGroup;
			children = (
				820925C523EE465200CFF991 /* logo.png */,
				820925C323EE464500CFF991 /* logo_dark.png */,
			);
			path = logo;
			sourceTree = "<group>";
		};
		820AE29A23E823F400321834 /* ActionCell */ = {
			isa = PBXGroup;
			children = (
				820AE29B23E8242200321834 /* ActionCellDelegate.swift */,
				820AE29D23E8242D00321834 /* ActionCellDataSource.swift */,
			);
			path = ActionCell;
			sourceTree = "<group>";
		};
		820AE29F23E8245600321834 /* ActionDetail */ = {
			isa = PBXGroup;
			children = (
				820AE2A323E8248700321834 /* ActionDetailViewModel.swift */,
			);
			path = ActionDetail;
			sourceTree = "<group>";
		};
		820AE2A023E8246100321834 /* ActionCell */ = {
			isa = PBXGroup;
			children = (
				820AE2A123E8247600321834 /* ActionCellViewModel.swift */,
			);
			path = ActionCell;
			sourceTree = "<group>";
		};
		820AE2A523E826B800321834 /* ActionCell */ = {
			isa = PBXGroup;
			children = (
				820AE2A823E826F000321834 /* ActionCell.swift */,
				820AE2A923E826F000321834 /* ActionCell.xib */,
			);
			path = ActionCell;
			sourceTree = "<group>";
		};
		820AE2AC23E83DE300321834 /* ActionDetail */ = {
			isa = PBXGroup;
			children = (
				820AE2AD23E83E0700321834 /* ActionDetailController.swift */,
			);
			path = ActionDetail;
			sourceTree = "<group>";
		};
		820AE2B123EA3BDF00321834 /* FilterCell */ = {
			isa = PBXGroup;
			children = (
				820AE2B223EA3BF700321834 /* FilterCellDelegate.swift */,
				820AE2B423EA3C7700321834 /* FilterCellDataSource.swift */,
			);
			path = FilterCell;
			sourceTree = "<group>";
		};
		820AE2B623EA3C8300321834 /* FilterCell */ = {
			isa = PBXGroup;
			children = (
				820AE2B923EA3CC000321834 /* FilterCell.swift */,
				820AE2BA23EA3CC000321834 /* FilterCell.xib */,
			);
			name = FilterCell;
			path = ../../ViewModel/FilterCell;
			sourceTree = "<group>";
		};
		821F9DE623F0FD8900C79544 /* Chapter */ = {
			isa = PBXGroup;
			children = (
				821F9DE723F0FDC900C79544 /* Chapter.swift */,
				821F9DF223F102DB00C79544 /* ChapterHandler.swift */,
			);
			path = Chapter;
			sourceTree = "<group>";
		};
		821F9DE923F0FDDB00C79544 /* DAO */ = {
			isa = PBXGroup;
			children = (
				8628F5CB22CFD9BA00844544 /* GenericDAO.swift */,
				86CC745C22CFDB4F00D5174E /* PrayerDAO.swift */,
				8699400E22D40B8E00069F8F /* ActionDAO.swift */,
				821F9DEB23F0FE0E00C79544 /* ChapterDAO.swift */,
			);
			path = DAO;
			sourceTree = "<group>";
		};
		821F9DEA23F0FDE300C79544 /* CoreData */ = {
			isa = PBXGroup;
			children = (
				8628F5C922CFD65800844544 /* CoreDataManager.swift */,
			);
			path = CoreData;
			sourceTree = "<group>";
		};
		821F9DED23F0FF3B00C79544 /* Data */ = {
			isa = PBXGroup;
			children = (
				86F426A622CAA5E80032AA5B /* PropositoClient.xcdatamodeld */,
				821F9DF023F0FF6700C79544 /* Chapter.json */,
			);
			path = Data;
			sourceTree = "<group>";
		};
		823922BE23E51F2000DA2255 /* ImageProfileCell */ = {
			isa = PBXGroup;
			children = (
				823922BF23E51F5B00DA2255 /* ImageProfileCell.swift */,
				823922C023E51F5B00DA2255 /* ImageProfileCell.xib */,
			);
			path = ImageProfileCell;
			sourceTree = "<group>";
		};
		823922C323E5201300DA2255 /* Utils */ = {
			isa = PBXGroup;
			children = (
				820AE29823E762A600321834 /* Global.swift */,
				827ADDB923E55C49004156CB /* UserDefaults.swift */,
				82F2E60E23EC513E0007678D /* UIAlert.swift */,
				82C8DD1123ED3B5B002DA2FE /* IconUltils.swift */,
				82F4180023ED226C0099C3BA /* SwitcherVC.swift */,
				826E91E523EE9CA900E65A48 /* Notification.swift */,
			);
			path = Utils;
			sourceTree = "<group>";
		};
		823922C423E5202500DA2255 /* ImageProfileCell */ = {
			isa = PBXGroup;
			children = (
				823922C523E5204400DA2255 /* ImageProfileCellDelegate.swift */,
				823922C723E5205F00DA2255 /* ImageProfileCellDataSource.swift */,
			);
			path = ImageProfileCell;
			sourceTree = "<group>";
		};
		8246345823D90EE500AA58F6 /* Main */ = {
			isa = PBXGroup;
			children = (
				827E4A7A23DB90C700C99BF0 /* MainController.swift */,
			);
			path = Main;
			sourceTree = "<group>";
		};
		8246345923D90EF300AA58F6 /* Pray */ = {
			isa = PBXGroup;
			children = (
				82ED19BE23E3A4B400C4337E /* PrayerViewController.swift */,
			);
			path = Pray;
			sourceTree = "<group>";
		};
		8246345A23D90EFB00AA58F6 /* Action */ = {
			isa = PBXGroup;
			children = (
				8207CC5423E49309003D8A06 /* ActionViewController.swift */,
			);
			path = Action;
			sourceTree = "<group>";
		};
		8265181F23E57E8E0035E91E /* AllPrayers */ = {
			isa = PBXGroup;
			children = (
				8265182023E57EB60035E91E /* AllPrayersController.swift */,
			);
			path = AllPrayers;
			sourceTree = "<group>";
		};
		8265182223E5803E0035E91E /* PrayerAllCell */ = {
			isa = PBXGroup;
			children = (
				8265182323E5805E0035E91E /* PrayerAllCellDelegate.swift */,
				8265182523E5806A0035E91E /* PrayerAllCellDataSource.swift */,
			);
			path = PrayerAllCell;
			sourceTree = "<group>";
		};
		8265182723E6117A0035E91E /* PrayerDetail */ = {
			isa = PBXGroup;
			children = (
				8265182823E6119F0035E91E /* PrayerDetailController.swift */,
			);
			path = PrayerDetail;
			sourceTree = "<group>";
		};
		8265182A23E611CC0035E91E /* PrayerDetail */ = {
			isa = PBXGroup;
			children = (
				8265182B23E611E50035E91E /* PrayerDetailViewModel.swift */,
			);
			path = PrayerDetail;
			sourceTree = "<group>";
		};
		8272B22523DFC29500CFFD9B /* PrayerCell */ = {
			isa = PBXGroup;
			children = (
				827EB45D23DD0A1800F8C3E1 /* PrayerCellDelegate.swift */,
				827EB45B23DD0A0200F8C3E1 /* PrayerCellDataSource.swift */,
			);
			path = PrayerCell;
			sourceTree = "<group>";
		};
		827ADDB523E55799004156CB /* Configuration */ = {
			isa = PBXGroup;
			children = (
				827ADDB623E557BB004156CB /* ConfigurationController.swift */,
			);
			path = Configuration;
			sourceTree = "<group>";
		};
		827ADDB823E55C35004156CB /* Helpers */ = {
			isa = PBXGroup;
			children = (
				82FE2E9023E3C0D400C8EB96 /* TextFieldWithReturn.swift */,
				823922BC23E4A6CB00DA2255 /* Keyboard.swift */,
				828A749E23E758430002424B /* ImpactFeedback.swift */,
				8265181D23E575850035E91E /* EventManager.swift */,
				827ADDBB23E56785004156CB /* DateUtils.swift */,
				82CB9FD423EC61350062E350 /* CustomUIButton.swift */,
			);
			path = Helpers;
			sourceTree = "<group>";
		};
		827C564923ECA84F00398190 /* AppIcon */ = {
			isa = PBXGroup;
			children = (
				82C8DD1323ED3D90002DA2FE /* AppIcon@3x.png */,
				82C8DD1523ED3D95002DA2FE /* AppIcon@2x.png */,
				827C564C23ECA8B700398190 /* AppIcon-DarkMode@3x.png */,
				827C564A23ECA8B100398190 /* AppIcon-DarkMode@2x.png */,
			);
			path = AppIcon;
			sourceTree = "<group>";
		};
		827E4A7323DB80D400C99BF0 /* Assets */ = {
			isa = PBXGroup;
			children = (
				827E4A7423DB80DA00C99BF0 /* Images */,
				8699401422D435EC00069F8F /* Fonts */,
			);
			path = Assets;
			sourceTree = "<group>";
		};
		827E4A7423DB80DA00C99BF0 /* Images */ = {
			isa = PBXGroup;
			children = (
				827C564923ECA84F00398190 /* AppIcon */,
				820925C723EE465800CFF991 /* logo */,
			);
			path = Images;
			sourceTree = "<group>";
		};
		827E4A7523DB814400C99BF0 /* Storyboard */ = {
			isa = PBXGroup;
			children = (
				86F426A322CAA5E80032AA5B /* Main.storyboard */,
				86F426AB22CAA5EA0032AA5B /* LaunchScreen.storyboard */,
			);
			path = Storyboard;
			sourceTree = "<group>";
		};
		827E4A7623DB815400C99BF0 /* Components */ = {
			isa = PBXGroup;
			children = (
				820AE2B623EA3C8300321834 /* FilterCell */,
				820AE2A523E826B800321834 /* ActionCell */,
				82F14C8623E5307F00D20107 /* RepeatCell */,
				823922BE23E51F2000DA2255 /* ImageProfileCell */,
				827EB45F23DD0DE700F8C3E1 /* AllPrayerCell */,
				827EB45223DD031300F8C3E1 /* PrayerCell */,
				86F426B722CAA6E20032AA5B /* UICollectionViewHorizontal */,
			);
			path = Components;
			sourceTree = "<group>";
		};
		827E4A7723DB8A5C00C99BF0 /* Designable */ = {
			isa = PBXGroup;
			children = (
				827E4A7823DB8A6D00C99BF0 /* Gradient.swift */,
				827EB45723DD04FB00F8C3E1 /* PictureImageView.swift */,
				82FE2E8B23E3B6D400C8EB96 /* PlaceholderColor.swift */,
			);
			path = Designable;
			sourceTree = "<group>";
		};
		827EB45223DD031300F8C3E1 /* PrayerCell */ = {
			isa = PBXGroup;
			children = (
				827EB45323DD033D00F8C3E1 /* PrayerCell.swift */,
				827EB45423DD033D00F8C3E1 /* PrayerCell.xib */,
			);
			path = PrayerCell;
			sourceTree = "<group>";
		};
		827EB45923DD098800F8C3E1 /* Components */ = {
			isa = PBXGroup;
			children = (
				820AE2B123EA3BDF00321834 /* FilterCell */,
				82B3889723E54C8C00D9B2CE /* PickerPerson */,
				82F14C8B23E530B000D20107 /* RepeatCell */,
				823922C423E5202500DA2255 /* ImageProfileCell */,
				8272B22523DFC29500CFFD9B /* PrayerCell */,
				820AE29A23E823F400321834 /* ActionCell */,
				8265182223E5803E0035E91E /* PrayerAllCell */,
			);
			path = Components;
			sourceTree = "<group>";
		};
		827EB45F23DD0DE700F8C3E1 /* AllPrayerCell */ = {
			isa = PBXGroup;
			children = (
				827EB46023DD0DFD00F8C3E1 /* AllPrayerCell.swift */,
				827EB46123DD0DFD00F8C3E1 /* AllPrayerCell.xib */,
			);
			path = AllPrayerCell;
			sourceTree = "<group>";
		};
		827EB46423DD187300F8C3E1 /* ViewModel */ = {
			isa = PBXGroup;
			children = (
				820AE2A023E8246100321834 /* ActionCell */,
				820AE29F23E8245600321834 /* ActionDetail */,
				827EB46523DD189A00F8C3E1 /* PrayerCell */,
				8265182A23E611CC0035E91E /* PrayerDetail */,
			);
			path = ViewModel;
			sourceTree = "<group>";
		};
		827EB46523DD189A00F8C3E1 /* PrayerCell */ = {
			isa = PBXGroup;
			children = (
				8272B22323DFC26F00CFFD9B /* PrayerCellViewModel.swift */,
			);
			path = PrayerCell;
			sourceTree = "<group>";
		};
		82B3889723E54C8C00D9B2CE /* PickerPerson */ = {
			isa = PBXGroup;
			children = (
				82B3889523E54C7B00D9B2CE /* PickerPersonDelegate.swift */,
				82B3889823E54CB800D9B2CE /* PickerPersonDataSource.swift */,
			);
			path = PickerPerson;
			sourceTree = "<group>";
		};
		82F14C8623E5307F00D20107 /* RepeatCell */ = {
			isa = PBXGroup;
			children = (
				82F14C8723E5309E00D20107 /* RepeatCell.swift */,
				82F14C8823E5309E00D20107 /* RepeatCell.xib */,
			);
			path = RepeatCell;
			sourceTree = "<group>";
		};
		82F14C8B23E530B000D20107 /* RepeatCell */ = {
			isa = PBXGroup;
			children = (
				82F14C8C23E530BF00D20107 /* RepeatCellDelegate.swift */,
				82F14C8E23E530C800D20107 /* RepeatCellDataSource.swift */,
			);
			path = RepeatCell;
			sourceTree = "<group>";
		};
		82F2E61023EC5E970007678D /* Tutorial */ = {
			isa = PBXGroup;
			children = (
				82F2E61323EC5EDC0007678D /* TutorialController.swift */,
				82F2E61523EC5EF60007678D /* TutorialPageController.swift */,
			);
			path = Tutorial;
			sourceTree = "<group>";
		};
		82F2E61223EC5EB40007678D /* ViewController */ = {
			isa = PBXGroup;
			children = (
				82F2E61023EC5E970007678D /* Tutorial */,
				8246345823D90EE500AA58F6 /* Main */,
				8265181F23E57E8E0035E91E /* AllPrayers */,
				8246345923D90EF300AA58F6 /* Pray */,
				8265182723E6117A0035E91E /* PrayerDetail */,
				8246345A23D90EFB00AA58F6 /* Action */,
				820AE2AC23E83DE300321834 /* ActionDetail */,
				827ADDB523E55799004156CB /* Configuration */,
			);
			path = ViewController;
			sourceTree = "<group>";
		};
		8628F5CD22CFD9BD00844544 /* Persistence */ = {
			isa = PBXGroup;
			children = (
				821F9DE923F0FDDB00C79544 /* DAO */,
				821F9DEA23F0FDE300C79544 /* CoreData */,
			);
			path = Persistence;
			sourceTree = "<group>";
		};
		8652531522E16B44009654B8 /* Extensions */ = {
			isa = PBXGroup;
			children = (
				820925C123EE440500CFF991 /* NotificationCenter.swift */,
				82A5B7D1232A73FF009AC33C /* String.swift */,
				82CB9FD223EC60FA0062E350 /* UIView.swift */,
				82FE2E8D23E3BB4500C8EB96 /* UITextField.swift */,
				8285005C23E4A13D00F2B9FE /* UIColor.swift */,
				820AE2AF23E9D2B200321834 /* Date.swift */,
			);
			path = Extensions;
			sourceTree = "<group>";
		};
		8699400D22D40B7100069F8F /* Action */ = {
			isa = PBXGroup;
			children = (
				8699401022D40BC900069F8F /* Action.swift */,
				8699401222D40C7600069F8F /* ActionHandler.swift */,
			);
			path = Action;
			sourceTree = "<group>";
		};
		8699401422D435EC00069F8F /* Fonts */ = {
			isa = PBXGroup;
			children = (
				8246345C23D9113A00AA58F6 /* Centrale Sans Extra Thin.otf */,
				8246346223D9123F00AA58F6 /* Centrale Sans Thin.otf */,
				8611756422D4361800DACA7A /* Centrale Sans Bold.otf */,
				8246346023D911B000AA58F6 /* Centrale Sans Medium.otf */,
				8611756322D4361800DACA7A /* Centrale Sans Regular.otf */,
			);
			path = Fonts;
			sourceTree = "<group>";
		};
		86CC746222CFDCE400D5174E /* Prayer */ = {
			isa = PBXGroup;
			children = (
				86CC746322CFDCF200D5174E /* Prayer.swift */,
				86CC746522CFDD0D00D5174E /* PrayerHandler.swift */,
			);
			path = Prayer;
			sourceTree = "<group>";
		};
		86F4269322CAA5E80032AA5B = {
			isa = PBXGroup;
			children = (
				86F4269E22CAA5E80032AA5B /* PropositoClient */,
				86F4269D22CAA5E80032AA5B /* Products */,
			);
			sourceTree = "<group>";
		};
		86F4269D22CAA5E80032AA5B /* Products */ = {
			isa = PBXGroup;
			children = (
				86F4269C22CAA5E80032AA5B /* PropositoClient.app */,
			);
			name = Products;
			sourceTree = "<group>";
		};
		86F4269E22CAA5E80032AA5B /* PropositoClient */ = {
			isa = PBXGroup;
			children = (
				86F4269F22CAA5E80032AA5B /* AppDelegate.swift */,
				827ADDB823E55C35004156CB /* Helpers */,
				823922C323E5201300DA2255 /* Utils */,
				8652531522E16B44009654B8 /* Extensions */,
				827EB46423DD187300F8C3E1 /* ViewModel */,
				86F426B422CAA6730032AA5B /* Model */,
				86F426B522CAA67C0032AA5B /* View */,
				86F426B622CAA6880032AA5B /* Controller */,
				86F426A922CAA5EA0032AA5B /* Assets.xcassets */,
				86F426AE22CAA5EA0032AA5B /* Info.plist */,
			);
			path = PropositoClient;
			sourceTree = "<group>";
		};
		86F426B422CAA6730032AA5B /* Model */ = {
			isa = PBXGroup;
			children = (
				8628F5CD22CFD9BD00844544 /* Persistence */,
				821F9DE623F0FD8900C79544 /* Chapter */,
				8699400D22D40B7100069F8F /* Action */,
				86CC746222CFDCE400D5174E /* Prayer */,
				821F9DED23F0FF3B00C79544 /* Data */,
			);
			path = Model;
			sourceTree = "<group>";
		};
		86F426B522CAA67C0032AA5B /* View */ = {
			isa = PBXGroup;
			children = (
				827E4A7323DB80D400C99BF0 /* Assets */,
				827E4A7723DB8A5C00C99BF0 /* Designable */,
				827E4A7623DB815400C99BF0 /* Components */,
				827E4A7523DB814400C99BF0 /* Storyboard */,
			);
			path = View;
			sourceTree = "<group>";
		};
		86F426B622CAA6880032AA5B /* Controller */ = {
			isa = PBXGroup;
			children = (
				827EB45923DD098800F8C3E1 /* Components */,
				82F2E61223EC5EB40007678D /* ViewController */,
			);
			path = Controller;
			sourceTree = "<group>";
		};
		86F426B722CAA6E20032AA5B /* UICollectionViewHorizontal */ = {
			isa = PBXGroup;
			children = (
				86F426BB22CAAAD50032AA5B /* Cell.xib */,
				86F426C322CAAD140032AA5B /* Cell.swift */,
				86F426C522CAAD220032AA5B /* CardModel.swift */,
				86F426C722CAAD4D0032AA5B /* ViewModel.swift */,
				820E4B67234E08FF002F64C4 /* Constants.swift */,
			);
			path = UICollectionViewHorizontal;
			sourceTree = "<group>";
		};
/* End PBXGroup section */

/* Begin PBXNativeTarget section */
		86F4269B22CAA5E80032AA5B /* PropositoClient */ = {
			isa = PBXNativeTarget;
			buildConfigurationList = 86F426B122CAA5EA0032AA5B /* Build configuration list for PBXNativeTarget "PropositoClient" */;
			buildPhases = (
				86F4269822CAA5E80032AA5B /* Sources */,
				86F4269922CAA5E80032AA5B /* Frameworks */,
				86F4269A22CAA5E80032AA5B /* Resources */,
				8272B22623DFEFAB00CFFD9B /* ShellScript */,
			);
			buildRules = (
			);
			dependencies = (
			);
			name = PropositoClient;
			productName = PropositoClient;
			productReference = 86F4269C22CAA5E80032AA5B /* PropositoClient.app */;
			productType = "com.apple.product-type.application";
		};
/* End PBXNativeTarget section */

/* Begin PBXProject section */
		86F4269422CAA5E80032AA5B /* Project object */ = {
			isa = PBXProject;
			attributes = {
				LastSwiftUpdateCheck = 1020;
				LastUpgradeCheck = 1020;
				ORGANIZATIONNAME = "Matheus Gois";
				TargetAttributes = {
					86F4269B22CAA5E80032AA5B = {
						CreatedOnToolsVersion = 10.2.1;
						SystemCapabilities = {
							com.apple.BackgroundModes = {
								enabled = 0;
							};
							com.apple.Push = {
								enabled = 0;
							};
						};
					};
				};
			};
			buildConfigurationList = 86F4269722CAA5E80032AA5B /* Build configuration list for PBXProject "PropositoClient" */;
			compatibilityVersion = "Xcode 9.3";
			developmentRegion = en;
			hasScannedForEncodings = 0;
			knownRegions = (
				en,
				Base,
			);
			mainGroup = 86F4269322CAA5E80032AA5B;
			productRefGroup = 86F4269D22CAA5E80032AA5B /* Products */;
			projectDirPath = "";
			projectRoot = "";
			targets = (
				86F4269B22CAA5E80032AA5B /* PropositoClient */,
			);
		};
/* End PBXProject section */

/* Begin PBXResourcesBuildPhase section */
		86F4269A22CAA5E80032AA5B /* Resources */ = {
			isa = PBXResourcesBuildPhase;
			buildActionMask = 2147483647;
			files = (
				82F14C8A23E5309E00D20107 /* RepeatCell.xib in Resources */,
				8611756622D4361800DACA7A /* Centrale Sans Bold.otf in Resources */,
				820AE2AB23E826F000321834 /* ActionCell.xib in Resources */,
				86F426BC22CAAAD50032AA5B /* Cell.xib in Resources */,
				820AE2BC23EA3CC000321834 /* FilterCell.xib in Resources */,
				82C8DD1423ED3D90002DA2FE /* AppIcon@3x.png in Resources */,
				821F9DF123F0FF6700C79544 /* Chapter.json in Resources */,
				820925C423EE464500CFF991 /* logo_dark.png in Resources */,
				827EB45623DD033D00F8C3E1 /* PrayerCell.xib in Resources */,
				8246346323D9123F00AA58F6 /* Centrale Sans Thin.otf in Resources */,
				82C8DD1623ED3D95002DA2FE /* AppIcon@2x.png in Resources */,
				827C564B23ECA8B100398190 /* AppIcon-DarkMode@2x.png in Resources */,
				820925C623EE465300CFF991 /* logo.png in Resources */,
				86F426AD22CAA5EA0032AA5B /* LaunchScreen.storyboard in Resources */,
				827EB46323DD0DFD00F8C3E1 /* AllPrayerCell.xib in Resources */,
				823922C223E51F5B00DA2255 /* ImageProfileCell.xib in Resources */,
				86F426AA22CAA5EA0032AA5B /* Assets.xcassets in Resources */,
				827C564D23ECA8B800398190 /* AppIcon-DarkMode@3x.png in Resources */,
				8246345D23D9113E00AA58F6 /* Centrale Sans Extra Thin.otf in Resources */,
				8246346123D911B000AA58F6 /* Centrale Sans Medium.otf in Resources */,
				86F426A522CAA5E80032AA5B /* Main.storyboard in Resources */,
				8611756522D4361800DACA7A /* Centrale Sans Regular.otf in Resources */,
			);
			runOnlyForDeploymentPostprocessing = 0;
		};
/* End PBXResourcesBuildPhase section */

/* Begin PBXShellScriptBuildPhase section */
		8272B22623DFEFAB00CFFD9B /* ShellScript */ = {
			isa = PBXShellScriptBuildPhase;
			buildActionMask = 2147483647;
			files = (
			);
			inputFileListPaths = (
			);
			inputPaths = (
			);
			outputFileListPaths = (
			);
			outputPaths = (
			);
			runOnlyForDeploymentPostprocessing = 0;
			shellPath = /bin/sh;
			shellScript = "# Type a script or drag a script file from your workspace to insert its path.\nif which swiftlint >/dev/null; then\nswiftlint\nelse\necho \"warning: Swiftlint not installed, download from https://github.com/realm/SwiftLint\"\nfi\n";
		};
/* End PBXShellScriptBuildPhase section */

/* Begin PBXSourcesBuildPhase section */
		86F4269822CAA5E80032AA5B /* Sources */ = {
			isa = PBXSourcesBuildPhase;
			buildActionMask = 2147483647;
			files = (
				8272B22423DFC26F00CFFD9B /* PrayerCellViewModel.swift in Sources */,
				8699401122D40BC900069F8F /* Action.swift in Sources */,
				827E4A7B23DB90C700C99BF0 /* MainController.swift in Sources */,
				823922C123E51F5B00DA2255 /* ImageProfileCell.swift in Sources */,
				8265182123E57EB60035E91E /* AllPrayersController.swift in Sources */,
				82ED19BF23E3A4B400C4337E /* PrayerViewController.swift in Sources */,
				828A749F23E758430002424B /* ImpactFeedback.swift in Sources */,
				820AE2BB23EA3CC000321834 /* FilterCell.swift in Sources */,
				82F2E61623EC5EF60007678D /* TutorialPageController.swift in Sources */,
				820E4B68234E0900002F64C4 /* Constants.swift in Sources */,
				8285005D23E4A13D00F2B9FE /* UIColor.swift in Sources */,
				82F14C8F23E530C800D20107 /* RepeatCellDataSource.swift in Sources */,
				820AE2B523EA3C7700321834 /* FilterCellDataSource.swift in Sources */,
				820AE29E23E8242D00321834 /* ActionCellDataSource.swift in Sources */,
				821F9DEC23F0FE0E00C79544 /* ChapterDAO.swift in Sources */,
				820AE29923E762A600321834 /* Global.swift in Sources */,
				86F426C422CAAD140032AA5B /* Cell.swift in Sources */,
				82FE2E8C23E3B6D400C8EB96 /* PlaceholderColor.swift in Sources */,
				820AE2B323EA3BF700321834 /* FilterCellDelegate.swift in Sources */,
				86F426A822CAA5E80032AA5B /* PropositoClient.xcdatamodeld in Sources */,
				8628F5CC22CFD9BA00844544 /* GenericDAO.swift in Sources */,
				82FE2E8E23E3BB4500C8EB96 /* UITextField.swift in Sources */,
				82B3889923E54CB800D9B2CE /* PickerPersonDataSource.swift in Sources */,
				827ADDBC23E56785004156CB /* DateUtils.swift in Sources */,
				86F426C622CAAD220032AA5B /* CardModel.swift in Sources */,
				82CB9FD323EC60FA0062E350 /* UIView.swift in Sources */,
				82CB9FD523EC61350062E350 /* CustomUIButton.swift in Sources */,
				820AE2A223E8247600321834 /* ActionCellViewModel.swift in Sources */,
				82A5B7D2232A73FF009AC33C /* String.swift in Sources */,
				86CC746622CFDD0D00D5174E /* PrayerHandler.swift in Sources */,
				8265181E23E575850035E91E /* EventManager.swift in Sources */,
				827EB45C23DD0A0200F8C3E1 /* PrayerCellDataSource.swift in Sources */,
				827EB46223DD0DFD00F8C3E1 /* AllPrayerCell.swift in Sources */,
				8699400F22D40B8E00069F8F /* ActionDAO.swift in Sources */,
				8207CC5523E49309003D8A06 /* ActionViewController.swift in Sources */,
				827EB45823DD04FB00F8C3E1 /* PictureImageView.swift in Sources */,
				826E91E623EE9CA900E65A48 /* Notification.swift in Sources */,
				821F9DE823F0FDC900C79544 /* Chapter.swift in Sources */,
				820AE2B023E9D2B200321834 /* Date.swift in Sources */,
				8265182923E6119F0035E91E /* PrayerDetailController.swift in Sources */,
				86CC746422CFDCF200D5174E /* Prayer.swift in Sources */,
				820AE2AE23E83E0700321834 /* ActionDetailController.swift in Sources */,
				82F2E61423EC5EDC0007678D /* TutorialController.swift in Sources */,
				86F426A022CAA5E80032AA5B /* AppDelegate.swift in Sources */,
				8628F5CA22CFD65800844544 /* CoreDataManager.swift in Sources */,
				82FE2E9123E3C0D400C8EB96 /* TextFieldWithReturn.swift in Sources */,
				86F426C822CAAD4D0032AA5B /* ViewModel.swift in Sources */,
				820925C223EE440500CFF991 /* NotificationCenter.swift in Sources */,
				823922C823E5205F00DA2255 /* ImageProfileCellDataSource.swift in Sources */,
				82C8DD1223ED3B5B002DA2FE /* IconUltils.swift in Sources */,
				827E4A7923DB8A6D00C99BF0 /* Gradient.swift in Sources */,
				820AE2AA23E826F000321834 /* ActionCell.swift in Sources */,
				823922C623E5204400DA2255 /* ImageProfileCellDelegate.swift in Sources */,
				82F4180123ED226C0099C3BA /* SwitcherVC.swift in Sources */,
				8265182C23E611E50035E91E /* PrayerDetailViewModel.swift in Sources */,
				86CC745D22CFDB4F00D5174E /* PrayerDAO.swift in Sources */,
				82F14C8923E5309E00D20107 /* RepeatCell.swift in Sources */,
				827ADDBA23E55C49004156CB /* UserDefaults.swift in Sources */,
				820AE29C23E8242200321834 /* ActionCellDelegate.swift in Sources */,
				823922BD23E4A6CB00DA2255 /* Keyboard.swift in Sources */,
				82F14C8D23E530BF00D20107 /* RepeatCellDelegate.swift in Sources */,
				827EB45E23DD0A1800F8C3E1 /* PrayerCellDelegate.swift in Sources */,
				821F9DF323F102DB00C79544 /* ChapterHandler.swift in Sources */,
				827EB45523DD033D00F8C3E1 /* PrayerCell.swift in Sources */,
				8699401322D40C7600069F8F /* ActionHandler.swift in Sources */,
				8265182623E5806A0035E91E /* PrayerAllCellDataSource.swift in Sources */,
				8265182423E5805E0035E91E /* PrayerAllCellDelegate.swift in Sources */,
				820AE2A423E8248700321834 /* ActionDetailViewModel.swift in Sources */,
				827ADDB723E557BB004156CB /* ConfigurationController.swift in Sources */,
				82F2E60F23EC513E0007678D /* UIAlert.swift in Sources */,
				82B3889623E54C7B00D9B2CE /* PickerPersonDelegate.swift in Sources */,
			);
			runOnlyForDeploymentPostprocessing = 0;
		};
/* End PBXSourcesBuildPhase section */

/* Begin PBXVariantGroup section */
		86F426A322CAA5E80032AA5B /* Main.storyboard */ = {
			isa = PBXVariantGroup;
			children = (
				86F426A422CAA5E80032AA5B /* Base */,
			);
			name = Main.storyboard;
			sourceTree = "<group>";
		};
		86F426AB22CAA5EA0032AA5B /* LaunchScreen.storyboard */ = {
			isa = PBXVariantGroup;
			children = (
				86F426AC22CAA5EA0032AA5B /* Base */,
			);
			name = LaunchScreen.storyboard;
			sourceTree = "<group>";
		};
/* End PBXVariantGroup section */

/* Begin XCBuildConfiguration section */
		86F426AF22CAA5EA0032AA5B /* Debug */ = {
			isa = XCBuildConfiguration;
			buildSettings = {
				ALWAYS_SEARCH_USER_PATHS = NO;
				CLANG_ANALYZER_NONNULL = YES;
				CLANG_ANALYZER_NUMBER_OBJECT_CONVERSION = YES_AGGRESSIVE;
				CLANG_CXX_LANGUAGE_STANDARD = "gnu++14";
				CLANG_CXX_LIBRARY = "libc++";
				CLANG_ENABLE_MODULES = YES;
				CLANG_ENABLE_OBJC_ARC = YES;
				CLANG_ENABLE_OBJC_WEAK = YES;
				CLANG_WARN_BLOCK_CAPTURE_AUTORELEASING = YES;
				CLANG_WARN_BOOL_CONVERSION = YES;
				CLANG_WARN_COMMA = YES;
				CLANG_WARN_CONSTANT_CONVERSION = YES;
				CLANG_WARN_DEPRECATED_OBJC_IMPLEMENTATIONS = YES;
				CLANG_WARN_DIRECT_OBJC_ISA_USAGE = YES_ERROR;
				CLANG_WARN_DOCUMENTATION_COMMENTS = YES;
				CLANG_WARN_EMPTY_BODY = YES;
				CLANG_WARN_ENUM_CONVERSION = YES;
				CLANG_WARN_INFINITE_RECURSION = YES;
				CLANG_WARN_INT_CONVERSION = YES;
				CLANG_WARN_NON_LITERAL_NULL_CONVERSION = YES;
				CLANG_WARN_OBJC_IMPLICIT_RETAIN_SELF = YES;
				CLANG_WARN_OBJC_LITERAL_CONVERSION = YES;
				CLANG_WARN_OBJC_ROOT_CLASS = YES_ERROR;
				CLANG_WARN_RANGE_LOOP_ANALYSIS = YES;
				CLANG_WARN_STRICT_PROTOTYPES = YES;
				CLANG_WARN_SUSPICIOUS_MOVE = YES;
				CLANG_WARN_UNGUARDED_AVAILABILITY = YES_AGGRESSIVE;
				CLANG_WARN_UNREACHABLE_CODE = YES;
				CLANG_WARN__DUPLICATE_METHOD_MATCH = YES;
				CODE_SIGN_IDENTITY = "iPhone Developer";
				COPY_PHASE_STRIP = NO;
				DEBUG_INFORMATION_FORMAT = dwarf;
				ENABLE_STRICT_OBJC_MSGSEND = YES;
				ENABLE_TESTABILITY = YES;
				GCC_C_LANGUAGE_STANDARD = gnu11;
				GCC_DYNAMIC_NO_PIC = NO;
				GCC_NO_COMMON_BLOCKS = YES;
				GCC_OPTIMIZATION_LEVEL = 0;
				GCC_PREPROCESSOR_DEFINITIONS = (
					"DEBUG=1",
					"$(inherited)",
				);
				GCC_WARN_64_TO_32_BIT_CONVERSION = YES;
				GCC_WARN_ABOUT_RETURN_TYPE = YES_ERROR;
				GCC_WARN_UNDECLARED_SELECTOR = YES;
				GCC_WARN_UNINITIALIZED_AUTOS = YES_AGGRESSIVE;
				GCC_WARN_UNUSED_FUNCTION = YES;
				GCC_WARN_UNUSED_VARIABLE = YES;
				IPHONEOS_DEPLOYMENT_TARGET = 12.2;
				MTL_ENABLE_DEBUG_INFO = INCLUDE_SOURCE;
				MTL_FAST_MATH = YES;
				ONLY_ACTIVE_ARCH = YES;
				SDKROOT = iphoneos;
				SWIFT_ACTIVE_COMPILATION_CONDITIONS = DEBUG;
				SWIFT_OPTIMIZATION_LEVEL = "-Onone";
			};
			name = Debug;
		};
		86F426B022CAA5EA0032AA5B /* Release */ = {
			isa = XCBuildConfiguration;
			buildSettings = {
				ALWAYS_SEARCH_USER_PATHS = NO;
				CLANG_ANALYZER_NONNULL = YES;
				CLANG_ANALYZER_NUMBER_OBJECT_CONVERSION = YES_AGGRESSIVE;
				CLANG_CXX_LANGUAGE_STANDARD = "gnu++14";
				CLANG_CXX_LIBRARY = "libc++";
				CLANG_ENABLE_MODULES = YES;
				CLANG_ENABLE_OBJC_ARC = YES;
				CLANG_ENABLE_OBJC_WEAK = YES;
				CLANG_WARN_BLOCK_CAPTURE_AUTORELEASING = YES;
				CLANG_WARN_BOOL_CONVERSION = YES;
				CLANG_WARN_COMMA = YES;
				CLANG_WARN_CONSTANT_CONVERSION = YES;
				CLANG_WARN_DEPRECATED_OBJC_IMPLEMENTATIONS = YES;
				CLANG_WARN_DIRECT_OBJC_ISA_USAGE = YES_ERROR;
				CLANG_WARN_DOCUMENTATION_COMMENTS = YES;
				CLANG_WARN_EMPTY_BODY = YES;
				CLANG_WARN_ENUM_CONVERSION = YES;
				CLANG_WARN_INFINITE_RECURSION = YES;
				CLANG_WARN_INT_CONVERSION = YES;
				CLANG_WARN_NON_LITERAL_NULL_CONVERSION = YES;
				CLANG_WARN_OBJC_IMPLICIT_RETAIN_SELF = YES;
				CLANG_WARN_OBJC_LITERAL_CONVERSION = YES;
				CLANG_WARN_OBJC_ROOT_CLASS = YES_ERROR;
				CLANG_WARN_RANGE_LOOP_ANALYSIS = YES;
				CLANG_WARN_STRICT_PROTOTYPES = YES;
				CLANG_WARN_SUSPICIOUS_MOVE = YES;
				CLANG_WARN_UNGUARDED_AVAILABILITY = YES_AGGRESSIVE;
				CLANG_WARN_UNREACHABLE_CODE = YES;
				CLANG_WARN__DUPLICATE_METHOD_MATCH = YES;
				CODE_SIGN_IDENTITY = "iPhone Developer";
				COPY_PHASE_STRIP = NO;
				DEBUG_INFORMATION_FORMAT = "dwarf-with-dsym";
				ENABLE_NS_ASSERTIONS = NO;
				ENABLE_STRICT_OBJC_MSGSEND = YES;
				GCC_C_LANGUAGE_STANDARD = gnu11;
				GCC_NO_COMMON_BLOCKS = YES;
				GCC_WARN_64_TO_32_BIT_CONVERSION = YES;
				GCC_WARN_ABOUT_RETURN_TYPE = YES_ERROR;
				GCC_WARN_UNDECLARED_SELECTOR = YES;
				GCC_WARN_UNINITIALIZED_AUTOS = YES_AGGRESSIVE;
				GCC_WARN_UNUSED_FUNCTION = YES;
				GCC_WARN_UNUSED_VARIABLE = YES;
				IPHONEOS_DEPLOYMENT_TARGET = 12.2;
				MTL_ENABLE_DEBUG_INFO = NO;
				MTL_FAST_MATH = YES;
				SDKROOT = iphoneos;
				SWIFT_COMPILATION_MODE = wholemodule;
				SWIFT_OPTIMIZATION_LEVEL = "-O";
				VALIDATE_PRODUCT = YES;
			};
			name = Release;
		};
		86F426B222CAA5EA0032AA5B /* Debug */ = {
			isa = XCBuildConfiguration;
			buildSettings = {
				ASSETCATALOG_COMPILER_APPICON_NAME = AppIcon;
				CODE_SIGN_STYLE = Automatic;
				CURRENT_PROJECT_VERSION = 1;
				DEVELOPMENT_TEAM = CTAFH43K36;
				INFOPLIST_FILE = PropositoClient/Info.plist;
				IPHONEOS_DEPLOYMENT_TARGET = 12.2;
				LD_RUNPATH_SEARCH_PATHS = (
					"$(inherited)",
					"@executable_path/Frameworks",
				);
				MARKETING_VERSION = 1.1.1;
				PRODUCT_BUNDLE_IDENTIFIER = maatheusgois.PropositoClient;
				PRODUCT_NAME = "$(TARGET_NAME)";
				SWIFT_VERSION = 5.0;
				TARGETED_DEVICE_FAMILY = 1;
			};
			name = Debug;
		};
		86F426B322CAA5EA0032AA5B /* Release */ = {
			isa = XCBuildConfiguration;
			buildSettings = {
				ASSETCATALOG_COMPILER_APPICON_NAME = AppIcon;
				CODE_SIGN_STYLE = Automatic;
				CURRENT_PROJECT_VERSION = 1;
				DEVELOPMENT_TEAM = CTAFH43K36;
				INFOPLIST_FILE = PropositoClient/Info.plist;
				IPHONEOS_DEPLOYMENT_TARGET = 12.2;
				LD_RUNPATH_SEARCH_PATHS = (
					"$(inherited)",
					"@executable_path/Frameworks",
				);
				MARKETING_VERSION = 1.1.1;
				PRODUCT_BUNDLE_IDENTIFIER = maatheusgois.PropositoClient;
				PRODUCT_NAME = "$(TARGET_NAME)";
				SWIFT_VERSION = 5.0;
				TARGETED_DEVICE_FAMILY = 1;
			};
			name = Release;
		};
/* End XCBuildConfiguration section */

/* Begin XCConfigurationList section */
		86F4269722CAA5E80032AA5B /* Build configuration list for PBXProject "PropositoClient" */ = {
			isa = XCConfigurationList;
			buildConfigurations = (
				86F426AF22CAA5EA0032AA5B /* Debug */,
				86F426B022CAA5EA0032AA5B /* Release */,
			);
			defaultConfigurationIsVisible = 0;
			defaultConfigurationName = Release;
		};
		86F426B122CAA5EA0032AA5B /* Build configuration list for PBXNativeTarget "PropositoClient" */ = {
			isa = XCConfigurationList;
			buildConfigurations = (
				86F426B222CAA5EA0032AA5B /* Debug */,
				86F426B322CAA5EA0032AA5B /* Release */,
			);
			defaultConfigurationIsVisible = 0;
			defaultConfigurationName = Release;
		};
/* End XCConfigurationList section */

/* Begin XCVersionGroup section */
		86F426A622CAA5E80032AA5B /* PropositoClient.xcdatamodeld */ = {
			isa = XCVersionGroup;
			children = (
				86F426A722CAA5E80032AA5B /* PropositoClient.xcdatamodel */,
			);
			currentVersion = 86F426A722CAA5E80032AA5B /* PropositoClient.xcdatamodel */;
			path = PropositoClient.xcdatamodeld;
			sourceTree = "<group>";
			versionGroupType = wrapper.xcdatamodel;
		};
/* End XCVersionGroup section */
	};
	rootObject = 86F4269422CAA5E80032AA5B /* Project object */;
}
