// !$*UTF8*$!
{
	archiveVersion = 1;
	classes = {
	};
	objectVersion = 50;
	objects = {

/* Begin PBXBuildFile section */
		8207CC5523E49309003D8A06 /* ActionViewController.swift in Sources */ = {isa = PBXBuildFile; fileRef = 8207CC5423E49309003D8A06 /* ActionViewController.swift */; };
		820E4B68234E0900002F64C4 /* Constants.swift in Sources */ = {isa = PBXBuildFile; fileRef = 820E4B67234E08FF002F64C4 /* Constants.swift */; };
		823922BD23E4A6CB00DA2255 /* Keyboard.swift in Sources */ = {isa = PBXBuildFile; fileRef = 823922BC23E4A6CB00DA2255 /* Keyboard.swift */; };
		823922C123E51F5B00DA2255 /* ImageProfileCell.swift in Sources */ = {isa = PBXBuildFile; fileRef = 823922BF23E51F5B00DA2255 /* ImageProfileCell.swift */; };
		823922C223E51F5B00DA2255 /* ImageProfileCell.xib in Resources */ = {isa = PBXBuildFile; fileRef = 823922C023E51F5B00DA2255 /* ImageProfileCell.xib */; };
		823922C623E5204400DA2255 /* ImageProfileCellDelegate.swift in Sources */ = {isa = PBXBuildFile; fileRef = 823922C523E5204400DA2255 /* ImageProfileCellDelegate.swift */; };
		823922C823E5205F00DA2255 /* ImageProfileCellDataSource.swift in Sources */ = {isa = PBXBuildFile; fileRef = 823922C723E5205F00DA2255 /* ImageProfileCellDataSource.swift */; };
		8246345D23D9113E00AA58F6 /* Centrale Sans Extra Thin.otf in Resources */ = {isa = PBXBuildFile; fileRef = 8246345C23D9113A00AA58F6 /* Centrale Sans Extra Thin.otf */; };
		8246346123D911B000AA58F6 /* Centrale Sans Medium.otf in Resources */ = {isa = PBXBuildFile; fileRef = 8246346023D911B000AA58F6 /* Centrale Sans Medium.otf */; };
		8246346323D9123F00AA58F6 /* Centrale Sans Thin.otf in Resources */ = {isa = PBXBuildFile; fileRef = 8246346223D9123F00AA58F6 /* Centrale Sans Thin.otf */; };
		8272B22423DFC26F00CFFD9B /* PrayerCellViewModel.swift in Sources */ = {isa = PBXBuildFile; fileRef = 8272B22323DFC26F00CFFD9B /* PrayerCellViewModel.swift */; };
		827E4A7923DB8A6D00C99BF0 /* Gradient.swift in Sources */ = {isa = PBXBuildFile; fileRef = 827E4A7823DB8A6D00C99BF0 /* Gradient.swift */; };
		827E4A7B23DB90C700C99BF0 /* MainController.swift in Sources */ = {isa = PBXBuildFile; fileRef = 827E4A7A23DB90C700C99BF0 /* MainController.swift */; };
		827E4A7D23DC629800C99BF0 /* UIView.swift in Sources */ = {isa = PBXBuildFile; fileRef = 827E4A7C23DC629800C99BF0 /* UIView.swift */; };
		827EB45523DD033D00F8C3E1 /* PrayerCell.swift in Sources */ = {isa = PBXBuildFile; fileRef = 827EB45323DD033D00F8C3E1 /* PrayerCell.swift */; };
		827EB45623DD033D00F8C3E1 /* PrayerCell.xib in Resources */ = {isa = PBXBuildFile; fileRef = 827EB45423DD033D00F8C3E1 /* PrayerCell.xib */; };
		827EB45823DD04FB00F8C3E1 /* PictureImageView.swift in Sources */ = {isa = PBXBuildFile; fileRef = 827EB45723DD04FB00F8C3E1 /* PictureImageView.swift */; };
		827EB45C23DD0A0200F8C3E1 /* PrayerCellDataSource.swift in Sources */ = {isa = PBXBuildFile; fileRef = 827EB45B23DD0A0200F8C3E1 /* PrayerCellDataSource.swift */; };
		827EB45E23DD0A1800F8C3E1 /* PrayerCellDelegate.swift in Sources */ = {isa = PBXBuildFile; fileRef = 827EB45D23DD0A1800F8C3E1 /* PrayerCellDelegate.swift */; };
		827EB46223DD0DFD00F8C3E1 /* AllPrayerCell.swift in Sources */ = {isa = PBXBuildFile; fileRef = 827EB46023DD0DFD00F8C3E1 /* AllPrayerCell.swift */; };
		827EB46323DD0DFD00F8C3E1 /* AllPrayerCell.xib in Resources */ = {isa = PBXBuildFile; fileRef = 827EB46123DD0DFD00F8C3E1 /* AllPrayerCell.xib */; };
		8285005D23E4A13D00F2B9FE /* UIColor.swift in Sources */ = {isa = PBXBuildFile; fileRef = 8285005C23E4A13D00F2B9FE /* UIColor.swift */; };
		82A5B7D2232A73FF009AC33C /* Extensions.swift in Sources */ = {isa = PBXBuildFile; fileRef = 82A5B7D1232A73FF009AC33C /* Extensions.swift */; };
		82B3889623E54C7B00D9B2CE /* PickerDateDelegate.swift in Sources */ = {isa = PBXBuildFile; fileRef = 82B3889523E54C7B00D9B2CE /* PickerDateDelegate.swift */; };
		82B3889923E54CB800D9B2CE /* PickerDateDataSource.swift in Sources */ = {isa = PBXBuildFile; fileRef = 82B3889823E54CB800D9B2CE /* PickerDateDataSource.swift */; };
		82ED19BF23E3A4B400C4337E /* PrayerViewController.swift in Sources */ = {isa = PBXBuildFile; fileRef = 82ED19BE23E3A4B400C4337E /* PrayerViewController.swift */; };
		82F14C8923E5309E00D20107 /* RepeatCell.swift in Sources */ = {isa = PBXBuildFile; fileRef = 82F14C8723E5309E00D20107 /* RepeatCell.swift */; };
		82F14C8A23E5309E00D20107 /* RepeatCell.xib in Resources */ = {isa = PBXBuildFile; fileRef = 82F14C8823E5309E00D20107 /* RepeatCell.xib */; };
		82F14C8D23E530BF00D20107 /* RepeatCellDelegate.swift in Sources */ = {isa = PBXBuildFile; fileRef = 82F14C8C23E530BF00D20107 /* RepeatCellDelegate.swift */; };
		82F14C8F23E530C800D20107 /* RepeatCellDataSource.swift in Sources */ = {isa = PBXBuildFile; fileRef = 82F14C8E23E530C800D20107 /* RepeatCellDataSource.swift */; };
		82FE2E8C23E3B6D400C8EB96 /* PlaceholderColor.swift in Sources */ = {isa = PBXBuildFile; fileRef = 82FE2E8B23E3B6D400C8EB96 /* PlaceholderColor.swift */; };
		82FE2E8E23E3BB4500C8EB96 /* Padding.swift in Sources */ = {isa = PBXBuildFile; fileRef = 82FE2E8D23E3BB4500C8EB96 /* Padding.swift */; };
		82FE2E9123E3C0D400C8EB96 /* KeyboardReturn.swift in Sources */ = {isa = PBXBuildFile; fileRef = 82FE2E9023E3C0D400C8EB96 /* KeyboardReturn.swift */; };
		8611756522D4361800DACA7A /* Centrale Sans Regular.otf in Resources */ = {isa = PBXBuildFile; fileRef = 8611756322D4361800DACA7A /* Centrale Sans Regular.otf */; };
		8611756622D4361800DACA7A /* Centrale Sans Bold.otf in Resources */ = {isa = PBXBuildFile; fileRef = 8611756422D4361800DACA7A /* Centrale Sans Bold.otf */; };
		8628F5CA22CFD65800844544 /* CoreDataManager.swift in Sources */ = {isa = PBXBuildFile; fileRef = 8628F5C922CFD65800844544 /* CoreDataManager.swift */; };
		8628F5CC22CFD9BA00844544 /* GenericDAO.swift in Sources */ = {isa = PBXBuildFile; fileRef = 8628F5CB22CFD9BA00844544 /* GenericDAO.swift */; };
		8699400F22D40B8E00069F8F /* ActionDAO.swift in Sources */ = {isa = PBXBuildFile; fileRef = 8699400E22D40B8E00069F8F /* ActionDAO.swift */; };
		8699401122D40BC900069F8F /* Action.swift in Sources */ = {isa = PBXBuildFile; fileRef = 8699401022D40BC900069F8F /* Action.swift */; };
		8699401322D40C7600069F8F /* ActionHandler.swift in Sources */ = {isa = PBXBuildFile; fileRef = 8699401222D40C7600069F8F /* ActionHandler.swift */; };
		86A9871B22D67D730014B71E /* AddPrayViewController.swift in Sources */ = {isa = PBXBuildFile; fileRef = 86A9871A22D67D730014B71E /* AddPrayViewController.swift */; };
		86B889A122CC2FD00097F0D7 /* AddActionViewController.swift in Sources */ = {isa = PBXBuildFile; fileRef = 86B889A022CC2FD00097F0D7 /* AddActionViewController.swift */; };
		86B889A422CC34530097F0D7 /* logo.png in Resources */ = {isa = PBXBuildFile; fileRef = 86B889A322CC34530097F0D7 /* logo.png */; };
		86CC745D22CFDB4F00D5174E /* PrayerDAO.swift in Sources */ = {isa = PBXBuildFile; fileRef = 86CC745C22CFDB4F00D5174E /* PrayerDAO.swift */; };
		86CC746422CFDCF200D5174E /* Prayer.swift in Sources */ = {isa = PBXBuildFile; fileRef = 86CC746322CFDCF200D5174E /* Prayer.swift */; };
		86CC746622CFDD0D00D5174E /* PrayerHandler.swift in Sources */ = {isa = PBXBuildFile; fileRef = 86CC746522CFDD0D00D5174E /* PrayerHandler.swift */; };
		86F426A022CAA5E80032AA5B /* AppDelegate.swift in Sources */ = {isa = PBXBuildFile; fileRef = 86F4269F22CAA5E80032AA5B /* AppDelegate.swift */; };
		86F426A522CAA5E80032AA5B /* Main.storyboard in Resources */ = {isa = PBXBuildFile; fileRef = 86F426A322CAA5E80032AA5B /* Main.storyboard */; };
		86F426A822CAA5E80032AA5B /* PropositoClient.xcdatamodeld in Sources */ = {isa = PBXBuildFile; fileRef = 86F426A622CAA5E80032AA5B /* PropositoClient.xcdatamodeld */; };
		86F426AA22CAA5EA0032AA5B /* Assets.xcassets in Resources */ = {isa = PBXBuildFile; fileRef = 86F426A922CAA5EA0032AA5B /* Assets.xcassets */; };
		86F426AD22CAA5EA0032AA5B /* LaunchScreen.storyboard in Resources */ = {isa = PBXBuildFile; fileRef = 86F426AB22CAA5EA0032AA5B /* LaunchScreen.storyboard */; };
		86F426B922CAA7410032AA5B /* MainViewController.swift in Sources */ = {isa = PBXBuildFile; fileRef = 86F426B822CAA7410032AA5B /* MainViewController.swift */; };
		86F426BC22CAAAD50032AA5B /* Cell.xib in Resources */ = {isa = PBXBuildFile; fileRef = 86F426BB22CAAAD50032AA5B /* Cell.xib */; };
		86F426C422CAAD140032AA5B /* Cell.swift in Sources */ = {isa = PBXBuildFile; fileRef = 86F426C322CAAD140032AA5B /* Cell.swift */; };
		86F426C622CAAD220032AA5B /* CardModel.swift in Sources */ = {isa = PBXBuildFile; fileRef = 86F426C522CAAD220032AA5B /* CardModel.swift */; };
		86F426C822CAAD4D0032AA5B /* ViewModel.swift in Sources */ = {isa = PBXBuildFile; fileRef = 86F426C722CAAD4D0032AA5B /* ViewModel.swift */; };
/* End PBXBuildFile section */

/* Begin PBXFileReference section */
		8207CC5423E49309003D8A06 /* ActionViewController.swift */ = {isa = PBXFileReference; lastKnownFileType = sourcecode.swift; path = ActionViewController.swift; sourceTree = "<group>"; };
		820E4B67234E08FF002F64C4 /* Constants.swift */ = {isa = PBXFileReference; lastKnownFileType = sourcecode.swift; path = Constants.swift; sourceTree = "<group>"; };
		823922BC23E4A6CB00DA2255 /* Keyboard.swift */ = {isa = PBXFileReference; lastKnownFileType = sourcecode.swift; path = Keyboard.swift; sourceTree = "<group>"; };
		823922BF23E51F5B00DA2255 /* ImageProfileCell.swift */ = {isa = PBXFileReference; lastKnownFileType = sourcecode.swift; path = ImageProfileCell.swift; sourceTree = "<group>"; };
		823922C023E51F5B00DA2255 /* ImageProfileCell.xib */ = {isa = PBXFileReference; lastKnownFileType = file.xib; path = ImageProfileCell.xib; sourceTree = "<group>"; };
		823922C523E5204400DA2255 /* ImageProfileCellDelegate.swift */ = {isa = PBXFileReference; lastKnownFileType = sourcecode.swift; path = ImageProfileCellDelegate.swift; sourceTree = "<group>"; };
		823922C723E5205F00DA2255 /* ImageProfileCellDataSource.swift */ = {isa = PBXFileReference; lastKnownFileType = sourcecode.swift; path = ImageProfileCellDataSource.swift; sourceTree = "<group>"; };
		8246345C23D9113A00AA58F6 /* Centrale Sans Extra Thin.otf */ = {isa = PBXFileReference; lastKnownFileType = file; path = "Centrale Sans Extra Thin.otf"; sourceTree = "<group>"; };
		8246346023D911B000AA58F6 /* Centrale Sans Medium.otf */ = {isa = PBXFileReference; lastKnownFileType = file; name = "Centrale Sans Medium.otf"; path = "PropositoClient/Fonts/Centrale Sans Medium.otf"; sourceTree = SOURCE_ROOT; };
		8246346223D9123F00AA58F6 /* Centrale Sans Thin.otf */ = {isa = PBXFileReference; lastKnownFileType = file; path = "Centrale Sans Thin.otf"; sourceTree = "<group>"; };
		8272B22323DFC26F00CFFD9B /* PrayerCellViewModel.swift */ = {isa = PBXFileReference; lastKnownFileType = sourcecode.swift; path = PrayerCellViewModel.swift; sourceTree = "<group>"; };
		827E4A7823DB8A6D00C99BF0 /* Gradient.swift */ = {isa = PBXFileReference; lastKnownFileType = sourcecode.swift; path = Gradient.swift; sourceTree = "<group>"; };
		827E4A7A23DB90C700C99BF0 /* MainController.swift */ = {isa = PBXFileReference; lastKnownFileType = sourcecode.swift; path = MainController.swift; sourceTree = "<group>"; };
		827E4A7C23DC629800C99BF0 /* UIView.swift */ = {isa = PBXFileReference; lastKnownFileType = sourcecode.swift; name = UIView.swift; path = PropositoClient/Controller/Main/UIView.swift; sourceTree = SOURCE_ROOT; };
		827EB45323DD033D00F8C3E1 /* PrayerCell.swift */ = {isa = PBXFileReference; lastKnownFileType = sourcecode.swift; path = PrayerCell.swift; sourceTree = "<group>"; };
		827EB45423DD033D00F8C3E1 /* PrayerCell.xib */ = {isa = PBXFileReference; lastKnownFileType = file.xib; path = PrayerCell.xib; sourceTree = "<group>"; };
		827EB45723DD04FB00F8C3E1 /* PictureImageView.swift */ = {isa = PBXFileReference; lastKnownFileType = sourcecode.swift; path = PictureImageView.swift; sourceTree = "<group>"; };
		827EB45B23DD0A0200F8C3E1 /* PrayerCellDataSource.swift */ = {isa = PBXFileReference; lastKnownFileType = sourcecode.swift; path = PrayerCellDataSource.swift; sourceTree = "<group>"; };
		827EB45D23DD0A1800F8C3E1 /* PrayerCellDelegate.swift */ = {isa = PBXFileReference; lastKnownFileType = sourcecode.swift; path = PrayerCellDelegate.swift; sourceTree = "<group>"; };
		827EB46023DD0DFD00F8C3E1 /* AllPrayerCell.swift */ = {isa = PBXFileReference; lastKnownFileType = sourcecode.swift; path = AllPrayerCell.swift; sourceTree = "<group>"; };
		827EB46123DD0DFD00F8C3E1 /* AllPrayerCell.xib */ = {isa = PBXFileReference; lastKnownFileType = file.xib; path = AllPrayerCell.xib; sourceTree = "<group>"; };
		8285005C23E4A13D00F2B9FE /* UIColor.swift */ = {isa = PBXFileReference; lastKnownFileType = sourcecode.swift; path = UIColor.swift; sourceTree = "<group>"; };
		82A5B7D1232A73FF009AC33C /* Extensions.swift */ = {isa = PBXFileReference; fileEncoding = 4; lastKnownFileType = sourcecode.swift; name = Extensions.swift; path = PropositoClient/Extensions.swift; sourceTree = SOURCE_ROOT; };
		82B3889523E54C7B00D9B2CE /* PickerDateDelegate.swift */ = {isa = PBXFileReference; lastKnownFileType = sourcecode.swift; path = PickerDateDelegate.swift; sourceTree = "<group>"; };
		82B3889823E54CB800D9B2CE /* PickerDateDataSource.swift */ = {isa = PBXFileReference; lastKnownFileType = sourcecode.swift; path = PickerDateDataSource.swift; sourceTree = "<group>"; };
		82ED19BE23E3A4B400C4337E /* PrayerViewController.swift */ = {isa = PBXFileReference; lastKnownFileType = sourcecode.swift; path = PrayerViewController.swift; sourceTree = "<group>"; };
		82F14C8723E5309E00D20107 /* RepeatCell.swift */ = {isa = PBXFileReference; lastKnownFileType = sourcecode.swift; path = RepeatCell.swift; sourceTree = "<group>"; };
		82F14C8823E5309E00D20107 /* RepeatCell.xib */ = {isa = PBXFileReference; lastKnownFileType = file.xib; path = RepeatCell.xib; sourceTree = "<group>"; };
		82F14C8C23E530BF00D20107 /* RepeatCellDelegate.swift */ = {isa = PBXFileReference; lastKnownFileType = sourcecode.swift; path = RepeatCellDelegate.swift; sourceTree = "<group>"; };
		82F14C8E23E530C800D20107 /* RepeatCellDataSource.swift */ = {isa = PBXFileReference; lastKnownFileType = sourcecode.swift; path = RepeatCellDataSource.swift; sourceTree = "<group>"; };
		82FE2E8B23E3B6D400C8EB96 /* PlaceholderColor.swift */ = {isa = PBXFileReference; lastKnownFileType = sourcecode.swift; path = PlaceholderColor.swift; sourceTree = "<group>"; };
		82FE2E8D23E3BB4500C8EB96 /* Padding.swift */ = {isa = PBXFileReference; lastKnownFileType = sourcecode.swift; name = Padding.swift; path = PropositoClient/View/Designable/Padding.swift; sourceTree = SOURCE_ROOT; };
		82FE2E9023E3C0D400C8EB96 /* KeyboardReturn.swift */ = {isa = PBXFileReference; lastKnownFileType = sourcecode.swift; path = KeyboardReturn.swift; sourceTree = "<group>"; };
		8611756322D4361800DACA7A /* Centrale Sans Regular.otf */ = {isa = PBXFileReference; lastKnownFileType = file; path = "Centrale Sans Regular.otf"; sourceTree = "<group>"; };
		8611756422D4361800DACA7A /* Centrale Sans Bold.otf */ = {isa = PBXFileReference; lastKnownFileType = file; path = "Centrale Sans Bold.otf"; sourceTree = "<group>"; };
		8628F5C922CFD65800844544 /* CoreDataManager.swift */ = {isa = PBXFileReference; lastKnownFileType = sourcecode.swift; path = CoreDataManager.swift; sourceTree = "<group>"; };
		8628F5CB22CFD9BA00844544 /* GenericDAO.swift */ = {isa = PBXFileReference; lastKnownFileType = sourcecode.swift; path = GenericDAO.swift; sourceTree = "<group>"; };
		8699400E22D40B8E00069F8F /* ActionDAO.swift */ = {isa = PBXFileReference; lastKnownFileType = sourcecode.swift; path = ActionDAO.swift; sourceTree = "<group>"; };
		8699401022D40BC900069F8F /* Action.swift */ = {isa = PBXFileReference; lastKnownFileType = sourcecode.swift; path = Action.swift; sourceTree = "<group>"; };
		8699401222D40C7600069F8F /* ActionHandler.swift */ = {isa = PBXFileReference; lastKnownFileType = sourcecode.swift; path = ActionHandler.swift; sourceTree = "<group>"; };
		86A9871A22D67D730014B71E /* AddPrayViewController.swift */ = {isa = PBXFileReference; lastKnownFileType = sourcecode.swift; path = AddPrayViewController.swift; sourceTree = "<group>"; };
		86B889A022CC2FD00097F0D7 /* AddActionViewController.swift */ = {isa = PBXFileReference; lastKnownFileType = sourcecode.swift; path = AddActionViewController.swift; sourceTree = "<group>"; };
		86B889A322CC34530097F0D7 /* logo.png */ = {isa = PBXFileReference; lastKnownFileType = image.png; path = logo.png; sourceTree = "<group>"; };
		86CC745C22CFDB4F00D5174E /* PrayerDAO.swift */ = {isa = PBXFileReference; lastKnownFileType = sourcecode.swift; path = PrayerDAO.swift; sourceTree = "<group>"; };
		86CC746322CFDCF200D5174E /* Prayer.swift */ = {isa = PBXFileReference; lastKnownFileType = sourcecode.swift; path = Prayer.swift; sourceTree = "<group>"; };
		86CC746522CFDD0D00D5174E /* PrayerHandler.swift */ = {isa = PBXFileReference; lastKnownFileType = sourcecode.swift; path = PrayerHandler.swift; sourceTree = "<group>"; };
		86F4269C22CAA5E80032AA5B /* PropositoClient.app */ = {isa = PBXFileReference; explicitFileType = wrapper.application; includeInIndex = 0; path = PropositoClient.app; sourceTree = BUILT_PRODUCTS_DIR; };
		86F4269F22CAA5E80032AA5B /* AppDelegate.swift */ = {isa = PBXFileReference; lastKnownFileType = sourcecode.swift; path = AppDelegate.swift; sourceTree = "<group>"; };
		86F426A422CAA5E80032AA5B /* Base */ = {isa = PBXFileReference; lastKnownFileType = file.storyboard; name = Base; path = Base.lproj/Main.storyboard; sourceTree = "<group>"; };
		86F426A722CAA5E80032AA5B /* PropositoClient.xcdatamodel */ = {isa = PBXFileReference; lastKnownFileType = wrapper.xcdatamodel; path = PropositoClient.xcdatamodel; sourceTree = "<group>"; };
		86F426A922CAA5EA0032AA5B /* Assets.xcassets */ = {isa = PBXFileReference; lastKnownFileType = folder.assetcatalog; path = Assets.xcassets; sourceTree = "<group>"; };
		86F426AC22CAA5EA0032AA5B /* Base */ = {isa = PBXFileReference; lastKnownFileType = file.storyboard; name = Base; path = Base.lproj/LaunchScreen.storyboard; sourceTree = "<group>"; };
		86F426AE22CAA5EA0032AA5B /* Info.plist */ = {isa = PBXFileReference; lastKnownFileType = text.plist.xml; path = Info.plist; sourceTree = "<group>"; };
		86F426B822CAA7410032AA5B /* MainViewController.swift */ = {isa = PBXFileReference; lastKnownFileType = sourcecode.swift; path = MainViewController.swift; sourceTree = "<group>"; };
		86F426BB22CAAAD50032AA5B /* Cell.xib */ = {isa = PBXFileReference; lastKnownFileType = file.xib; path = Cell.xib; sourceTree = "<group>"; };
		86F426C322CAAD140032AA5B /* Cell.swift */ = {isa = PBXFileReference; lastKnownFileType = sourcecode.swift; path = Cell.swift; sourceTree = "<group>"; };
		86F426C522CAAD220032AA5B /* CardModel.swift */ = {isa = PBXFileReference; lastKnownFileType = sourcecode.swift; path = CardModel.swift; sourceTree = "<group>"; };
		86F426C722CAAD4D0032AA5B /* ViewModel.swift */ = {isa = PBXFileReference; lastKnownFileType = sourcecode.swift; path = ViewModel.swift; sourceTree = "<group>"; };
/* End PBXFileReference section */

/* Begin PBXFrameworksBuildPhase section */
		86F4269922CAA5E80032AA5B /* Frameworks */ = {
			isa = PBXFrameworksBuildPhase;
			buildActionMask = 2147483647;
			files = (
			);
			runOnlyForDeploymentPostprocessing = 0;
		};
/* End PBXFrameworksBuildPhase section */

/* Begin PBXGroup section */
		823922BB23E4A6B800DA2255 /* Keyboard */ = {
			isa = PBXGroup;
			children = (
				823922BC23E4A6CB00DA2255 /* Keyboard.swift */,
			);
			path = Keyboard;
			sourceTree = "<group>";
		};
		823922BE23E51F2000DA2255 /* ImageProfileCell */ = {
			isa = PBXGroup;
			children = (
				823922BF23E51F5B00DA2255 /* ImageProfileCell.swift */,
				823922C023E51F5B00DA2255 /* ImageProfileCell.xib */,
			);
			path = ImageProfileCell;
			sourceTree = "<group>";
		};
		823922C323E5201300DA2255 /* Utils */ = {
			isa = PBXGroup;
			children = (
				823922BB23E4A6B800DA2255 /* Keyboard */,
			);
			path = Utils;
			sourceTree = "<group>";
		};
		823922C423E5202500DA2255 /* ImageProfileCell */ = {
			isa = PBXGroup;
			children = (
				823922C523E5204400DA2255 /* ImageProfileCellDelegate.swift */,
				823922C723E5205F00DA2255 /* ImageProfileCellDataSource.swift */,
			);
			path = ImageProfileCell;
			sourceTree = "<group>";
		};
		8246345823D90EE500AA58F6 /* Main */ = {
			isa = PBXGroup;
			children = (
				86F426B822CAA7410032AA5B /* MainViewController.swift */,
				827E4A7A23DB90C700C99BF0 /* MainController.swift */,
			);
			path = Main;
			sourceTree = "<group>";
		};
		8246345923D90EF300AA58F6 /* Pray */ = {
			isa = PBXGroup;
			children = (
				86A9871A22D67D730014B71E /* AddPrayViewController.swift */,
				82ED19BE23E3A4B400C4337E /* PrayerViewController.swift */,
			);
			path = Pray;
			sourceTree = "<group>";
		};
		8246345A23D90EFB00AA58F6 /* Action */ = {
			isa = PBXGroup;
			children = (
				86B889A022CC2FD00097F0D7 /* AddActionViewController.swift */,
				8207CC5423E49309003D8A06 /* ActionViewController.swift */,
			);
			path = Action;
			sourceTree = "<group>";
		};
		8272B22523DFC29500CFFD9B /* PrayerCell */ = {
			isa = PBXGroup;
			children = (
				827EB45D23DD0A1800F8C3E1 /* PrayerCellDelegate.swift */,
				827EB45B23DD0A0200F8C3E1 /* PrayerCellDataSource.swift */,
			);
			path = PrayerCell;
			sourceTree = "<group>";
		};
		827E4A7323DB80D400C99BF0 /* Assets */ = {
			isa = PBXGroup;
			children = (
				827E4A7423DB80DA00C99BF0 /* Images */,
				8699401422D435EC00069F8F /* Fonts */,
			);
			path = Assets;
			sourceTree = "<group>";
		};
		827E4A7423DB80DA00C99BF0 /* Images */ = {
			isa = PBXGroup;
			children = (
				86B889A322CC34530097F0D7 /* logo.png */,
			);
			path = Images;
			sourceTree = "<group>";
		};
		827E4A7523DB814400C99BF0 /* Storyboard */ = {
			isa = PBXGroup;
			children = (
				86F426A322CAA5E80032AA5B /* Main.storyboard */,
				86F426AB22CAA5EA0032AA5B /* LaunchScreen.storyboard */,
			);
			path = Storyboard;
			sourceTree = "<group>";
		};
		827E4A7623DB815400C99BF0 /* Components */ = {
			isa = PBXGroup;
			children = (
				82F14C8623E5307F00D20107 /* RepeatCell */,
				823922BE23E51F2000DA2255 /* ImageProfileCell */,
				827EB45F23DD0DE700F8C3E1 /* AllPrayerCell */,
				827EB45223DD031300F8C3E1 /* PrayerCell */,
				86F426B722CAA6E20032AA5B /* UICollectionViewHorizontal */,
			);
			path = Components;
			sourceTree = "<group>";
		};
		827E4A7723DB8A5C00C99BF0 /* Designable */ = {
			isa = PBXGroup;
			children = (
				827E4A7823DB8A6D00C99BF0 /* Gradient.swift */,
				827EB45723DD04FB00F8C3E1 /* PictureImageView.swift */,
				82FE2E8B23E3B6D400C8EB96 /* PlaceholderColor.swift */,
			);
			path = Designable;
			sourceTree = "<group>";
		};
		827EB45223DD031300F8C3E1 /* PrayerCell */ = {
			isa = PBXGroup;
			children = (
				827EB45323DD033D00F8C3E1 /* PrayerCell.swift */,
				827EB45423DD033D00F8C3E1 /* PrayerCell.xib */,
			);
			path = PrayerCell;
			sourceTree = "<group>";
		};
		827EB45923DD098800F8C3E1 /* Components */ = {
			isa = PBXGroup;
			children = (
				82B3889723E54C8C00D9B2CE /* PickerPerson */,
				82F14C8B23E530B000D20107 /* RepeatCell */,
				823922C423E5202500DA2255 /* ImageProfileCell */,
				8272B22523DFC29500CFFD9B /* PrayerCell */,
			);
			path = Components;
			sourceTree = "<group>";
		};
		827EB45F23DD0DE700F8C3E1 /* AllPrayerCell */ = {
			isa = PBXGroup;
			children = (
				827EB46023DD0DFD00F8C3E1 /* AllPrayerCell.swift */,
				827EB46123DD0DFD00F8C3E1 /* AllPrayerCell.xib */,
			);
			path = AllPrayerCell;
			sourceTree = "<group>";
		};
		827EB46423DD187300F8C3E1 /* ViewModel */ = {
			isa = PBXGroup;
			children = (
				827EB46523DD189A00F8C3E1 /* PrayerCell */,
			);
			path = ViewModel;
			sourceTree = "<group>";
		};
		827EB46523DD189A00F8C3E1 /* PrayerCell */ = {
			isa = PBXGroup;
			children = (
				8272B22323DFC26F00CFFD9B /* PrayerCellViewModel.swift */,
			);
			path = PrayerCell;
			sourceTree = "<group>";
		};
		82B3889723E54C8C00D9B2CE /* PickerPerson */ = {
			isa = PBXGroup;
			children = (
				82B3889523E54C7B00D9B2CE /* PickerDateDelegate.swift */,
				82B3889823E54CB800D9B2CE /* PickerDateDataSource.swift */,
			);
			path = PickerPerson;
			sourceTree = "<group>";
		};
		82F14C8623E5307F00D20107 /* RepeatCell */ = {
			isa = PBXGroup;
			children = (
				82F14C8723E5309E00D20107 /* RepeatCell.swift */,
				82F14C8823E5309E00D20107 /* RepeatCell.xib */,
			);
			path = RepeatCell;
			sourceTree = "<group>";
		};
		82F14C8B23E530B000D20107 /* RepeatCell */ = {
			isa = PBXGroup;
			children = (
				82F14C8C23E530BF00D20107 /* RepeatCellDelegate.swift */,
				82F14C8E23E530C800D20107 /* RepeatCellDataSource.swift */,
			);
			path = RepeatCell;
			sourceTree = "<group>";
		};
		8628F5CD22CFD9BD00844544 /* Persistence */ = {
			isa = PBXGroup;
			children = (
				8628F5CB22CFD9BA00844544 /* GenericDAO.swift */,
				86CC745C22CFDB4F00D5174E /* PrayerDAO.swift */,
				8699400E22D40B8E00069F8F /* ActionDAO.swift */,
				8628F5C922CFD65800844544 /* CoreDataManager.swift */,
			);
			path = Persistence;
			sourceTree = "<group>";
		};
		8652531522E16B44009654B8 /* Extension */ = {
			isa = PBXGroup;
			children = (
				82A5B7D1232A73FF009AC33C /* Extensions.swift */,
				827E4A7C23DC629800C99BF0 /* UIView.swift */,
				82FE2E8D23E3BB4500C8EB96 /* Padding.swift */,
				82FE2E9023E3C0D400C8EB96 /* KeyboardReturn.swift */,
				8285005C23E4A13D00F2B9FE /* UIColor.swift */,
			);
			path = Extension;
			sourceTree = "<group>";
		};
		8699400D22D40B7100069F8F /* Action */ = {
			isa = PBXGroup;
			children = (
				8699401022D40BC900069F8F /* Action.swift */,
				8699401222D40C7600069F8F /* ActionHandler.swift */,
			);
			path = Action;
			sourceTree = "<group>";
		};
		8699401422D435EC00069F8F /* Fonts */ = {
			isa = PBXGroup;
			children = (
				8246345C23D9113A00AA58F6 /* Centrale Sans Extra Thin.otf */,
				8246346223D9123F00AA58F6 /* Centrale Sans Thin.otf */,
				8611756422D4361800DACA7A /* Centrale Sans Bold.otf */,
				8246346023D911B000AA58F6 /* Centrale Sans Medium.otf */,
				8611756322D4361800DACA7A /* Centrale Sans Regular.otf */,
			);
			path = Fonts;
			sourceTree = "<group>";
		};
		86CC746222CFDCE400D5174E /* Prayer */ = {
			isa = PBXGroup;
			children = (
				86CC746322CFDCF200D5174E /* Prayer.swift */,
				86CC746522CFDD0D00D5174E /* PrayerHandler.swift */,
			);
			path = Prayer;
			sourceTree = "<group>";
		};
		86F4269322CAA5E80032AA5B = {
			isa = PBXGroup;
			children = (
				86F4269E22CAA5E80032AA5B /* PropositoClient */,
				86F4269D22CAA5E80032AA5B /* Products */,
			);
			sourceTree = "<group>";
		};
		86F4269D22CAA5E80032AA5B /* Products */ = {
			isa = PBXGroup;
			children = (
				86F4269C22CAA5E80032AA5B /* PropositoClient.app */,
			);
			name = Products;
			sourceTree = "<group>";
		};
		86F4269E22CAA5E80032AA5B /* PropositoClient */ = {
			isa = PBXGroup;
			children = (
				86F4269F22CAA5E80032AA5B /* AppDelegate.swift */,
				8652531522E16B44009654B8 /* Extension */,
				827EB46423DD187300F8C3E1 /* ViewModel */,
				86F426B422CAA6730032AA5B /* Model */,
				86F426B522CAA67C0032AA5B /* View */,
				86F426B622CAA6880032AA5B /* Controller */,
				86F426A922CAA5EA0032AA5B /* Assets.xcassets */,
				86F426AE22CAA5EA0032AA5B /* Info.plist */,
			);
			path = PropositoClient;
			sourceTree = "<group>";
		};
		86F426B422CAA6730032AA5B /* Model */ = {
			isa = PBXGroup;
			children = (
				8628F5CD22CFD9BD00844544 /* Persistence */,
				8699400D22D40B7100069F8F /* Action */,
				86CC746222CFDCE400D5174E /* Prayer */,
				86F426A622CAA5E80032AA5B /* PropositoClient.xcdatamodeld */,
			);
			path = Model;
			sourceTree = "<group>";
		};
		86F426B522CAA67C0032AA5B /* View */ = {
			isa = PBXGroup;
			children = (
				827E4A7323DB80D400C99BF0 /* Assets */,
				827E4A7723DB8A5C00C99BF0 /* Designable */,
				827E4A7623DB815400C99BF0 /* Components */,
				827E4A7523DB814400C99BF0 /* Storyboard */,
			);
			path = View;
			sourceTree = "<group>";
		};
		86F426B622CAA6880032AA5B /* Controller */ = {
			isa = PBXGroup;
			children = (
				823922C323E5201300DA2255 /* Utils */,
				827EB45923DD098800F8C3E1 /* Components */,
				8246345823D90EE500AA58F6 /* Main */,
				8246345923D90EF300AA58F6 /* Pray */,
				8246345A23D90EFB00AA58F6 /* Action */,
			);
			path = Controller;
			sourceTree = "<group>";
		};
		86F426B722CAA6E20032AA5B /* UICollectionViewHorizontal */ = {
			isa = PBXGroup;
			children = (
				86F426BB22CAAAD50032AA5B /* Cell.xib */,
				86F426C322CAAD140032AA5B /* Cell.swift */,
				86F426C522CAAD220032AA5B /* CardModel.swift */,
				86F426C722CAAD4D0032AA5B /* ViewModel.swift */,
				820E4B67234E08FF002F64C4 /* Constants.swift */,
			);
			path = UICollectionViewHorizontal;
			sourceTree = "<group>";
		};
/* End PBXGroup section */

/* Begin PBXNativeTarget section */
		86F4269B22CAA5E80032AA5B /* PropositoClient */ = {
			isa = PBXNativeTarget;
			buildConfigurationList = 86F426B122CAA5EA0032AA5B /* Build configuration list for PBXNativeTarget "PropositoClient" */;
			buildPhases = (
				86F4269822CAA5E80032AA5B /* Sources */,
				86F4269922CAA5E80032AA5B /* Frameworks */,
				86F4269A22CAA5E80032AA5B /* Resources */,
				8272B22623DFEFAB00CFFD9B /* ShellScript */,
			);
			buildRules = (
			);
			dependencies = (
			);
			name = PropositoClient;
			productName = PropositoClient;
			productReference = 86F4269C22CAA5E80032AA5B /* PropositoClient.app */;
			productType = "com.apple.product-type.application";
		};
/* End PBXNativeTarget section */

/* Begin PBXProject section */
		86F4269422CAA5E80032AA5B /* Project object */ = {
			isa = PBXProject;
			attributes = {
				LastSwiftUpdateCheck = 1020;
				LastUpgradeCheck = 1020;
				ORGANIZATIONNAME = "Matheus Gois";
				TargetAttributes = {
					86F4269B22CAA5E80032AA5B = {
						CreatedOnToolsVersion = 10.2.1;
						SystemCapabilities = {
							com.apple.BackgroundModes = {
								enabled = 0;
							};
							com.apple.Push = {
								enabled = 0;
							};
						};
					};
				};
			};
			buildConfigurationList = 86F4269722CAA5E80032AA5B /* Build configuration list for PBXProject "PropositoClient" */;
			compatibilityVersion = "Xcode 9.3";
			developmentRegion = en;
			hasScannedForEncodings = 0;
			knownRegions = (
				en,
				Base,
			);
			mainGroup = 86F4269322CAA5E80032AA5B;
			productRefGroup = 86F4269D22CAA5E80032AA5B /* Products */;
			projectDirPath = "";
			projectRoot = "";
			targets = (
				86F4269B22CAA5E80032AA5B /* PropositoClient */,
			);
		};
/* End PBXProject section */

/* Begin PBXResourcesBuildPhase section */
		86F4269A22CAA5E80032AA5B /* Resources */ = {
			isa = PBXResourcesBuildPhase;
			buildActionMask = 2147483647;
			files = (
				82F14C8A23E5309E00D20107 /* RepeatCell.xib in Resources */,
				8611756622D4361800DACA7A /* Centrale Sans Bold.otf in Resources */,
				86F426BC22CAAAD50032AA5B /* Cell.xib in Resources */,
				86B889A422CC34530097F0D7 /* logo.png in Resources */,
				827EB45623DD033D00F8C3E1 /* PrayerCell.xib in Resources */,
				8246346323D9123F00AA58F6 /* Centrale Sans Thin.otf in Resources */,
				86F426AD22CAA5EA0032AA5B /* LaunchScreen.storyboard in Resources */,
				827EB46323DD0DFD00F8C3E1 /* AllPrayerCell.xib in Resources */,
				823922C223E51F5B00DA2255 /* ImageProfileCell.xib in Resources */,
				86F426AA22CAA5EA0032AA5B /* Assets.xcassets in Resources */,
				8246345D23D9113E00AA58F6 /* Centrale Sans Extra Thin.otf in Resources */,
				8246346123D911B000AA58F6 /* Centrale Sans Medium.otf in Resources */,
				86F426A522CAA5E80032AA5B /* Main.storyboard in Resources */,
				8611756522D4361800DACA7A /* Centrale Sans Regular.otf in Resources */,
			);
			runOnlyForDeploymentPostprocessing = 0;
		};
/* End PBXResourcesBuildPhase section */

/* Begin PBXShellScriptBuildPhase section */
		8272B22623DFEFAB00CFFD9B /* ShellScript */ = {
			isa = PBXShellScriptBuildPhase;
			buildActionMask = 2147483647;
			files = (
			);
			inputFileListPaths = (
			);
			inputPaths = (
			);
			outputFileListPaths = (
			);
			outputPaths = (
			);
			runOnlyForDeploymentPostprocessing = 0;
			shellPath = /bin/sh;
			shellScript = "# Type a script or drag a script file from your workspace to insert its path.\nif which swiftlint >/dev/null; then\nswiftlint\nelse\necho \"warning: Swiftlint not installed, download from https://github.com/realm/SwiftLint\"\nfi\n";
		};
/* End PBXShellScriptBuildPhase section */

/* Begin PBXSourcesBuildPhase section */
		86F4269822CAA5E80032AA5B /* Sources */ = {
			isa = PBXSourcesBuildPhase;
			buildActionMask = 2147483647;
			files = (
				8272B22423DFC26F00CFFD9B /* PrayerCellViewModel.swift in Sources */,
				8699401122D40BC900069F8F /* Action.swift in Sources */,
				827E4A7B23DB90C700C99BF0 /* MainController.swift in Sources */,
				823922C123E51F5B00DA2255 /* ImageProfileCell.swift in Sources */,
				82ED19BF23E3A4B400C4337E /* PrayerViewController.swift in Sources */,
				827E4A7D23DC629800C99BF0 /* UIView.swift in Sources */,
				820E4B68234E0900002F64C4 /* Constants.swift in Sources */,
				86A9871B22D67D730014B71E /* AddPrayViewController.swift in Sources */,
				8285005D23E4A13D00F2B9FE /* UIColor.swift in Sources */,
				82F14C8F23E530C800D20107 /* RepeatCellDataSource.swift in Sources */,
				86F426C422CAAD140032AA5B /* Cell.swift in Sources */,
				82FE2E8C23E3B6D400C8EB96 /* PlaceholderColor.swift in Sources */,
				86F426A822CAA5E80032AA5B /* PropositoClient.xcdatamodeld in Sources */,
				8628F5CC22CFD9BA00844544 /* GenericDAO.swift in Sources */,
				82FE2E8E23E3BB4500C8EB96 /* Padding.swift in Sources */,
				82B3889923E54CB800D9B2CE /* PickerDateDataSource.swift in Sources */,
				86F426C622CAAD220032AA5B /* CardModel.swift in Sources */,
				82A5B7D2232A73FF009AC33C /* Extensions.swift in Sources */,
				86CC746622CFDD0D00D5174E /* PrayerHandler.swift in Sources */,
				827EB45C23DD0A0200F8C3E1 /* PrayerCellDataSource.swift in Sources */,
				827EB46223DD0DFD00F8C3E1 /* AllPrayerCell.swift in Sources */,
				8699400F22D40B8E00069F8F /* ActionDAO.swift in Sources */,
				8207CC5523E49309003D8A06 /* ActionViewController.swift in Sources */,
				827EB45823DD04FB00F8C3E1 /* PictureImageView.swift in Sources */,
				86CC746422CFDCF200D5174E /* Prayer.swift in Sources */,
				86F426A022CAA5E80032AA5B /* AppDelegate.swift in Sources */,
				8628F5CA22CFD65800844544 /* CoreDataManager.swift in Sources */,
				82FE2E9123E3C0D400C8EB96 /* KeyboardReturn.swift in Sources */,
				86F426C822CAAD4D0032AA5B /* ViewModel.swift in Sources */,
				823922C823E5205F00DA2255 /* ImageProfileCellDataSource.swift in Sources */,
				827E4A7923DB8A6D00C99BF0 /* Gradient.swift in Sources */,
				823922C623E5204400DA2255 /* ImageProfileCellDelegate.swift in Sources */,
				86F426B922CAA7410032AA5B /* MainViewController.swift in Sources */,
				86CC745D22CFDB4F00D5174E /* PrayerDAO.swift in Sources */,
				82F14C8923E5309E00D20107 /* RepeatCell.swift in Sources */,
				86B889A122CC2FD00097F0D7 /* AddActionViewController.swift in Sources */,
				823922BD23E4A6CB00DA2255 /* Keyboard.swift in Sources */,
				82F14C8D23E530BF00D20107 /* RepeatCellDelegate.swift in Sources */,
				827EB45E23DD0A1800F8C3E1 /* PrayerCellDelegate.swift in Sources */,
				827EB45523DD033D00F8C3E1 /* PrayerCell.swift in Sources */,
				8699401322D40C7600069F8F /* ActionHandler.swift in Sources */,
				82B3889623E54C7B00D9B2CE /* PickerDateDelegate.swift in Sources */,
			);
			runOnlyForDeploymentPostprocessing = 0;
		};
/* End PBXSourcesBuildPhase section */

/* Begin PBXVariantGroup section */
		86F426A322CAA5E80032AA5B /* Main.storyboard */ = {
			isa = PBXVariantGroup;
			children = (
				86F426A422CAA5E80032AA5B /* Base */,
			);
			name = Main.storyboard;
			sourceTree = "<group>";
		};
		86F426AB22CAA5EA0032AA5B /* LaunchScreen.storyboard */ = {
			isa = PBXVariantGroup;
			children = (
				86F426AC22CAA5EA0032AA5B /* Base */,
			);
			name = LaunchScreen.storyboard;
			sourceTree = "<group>";
		};
/* End PBXVariantGroup section */

/* Begin XCBuildConfiguration section */
		86F426AF22CAA5EA0032AA5B /* Debug */ = {
			isa = XCBuildConfiguration;
			buildSettings = {
				ALWAYS_SEARCH_USER_PATHS = NO;
				CLANG_ANALYZER_NONNULL = YES;
				CLANG_ANALYZER_NUMBER_OBJECT_CONVERSION = YES_AGGRESSIVE;
				CLANG_CXX_LANGUAGE_STANDARD = "gnu++14";
				CLANG_CXX_LIBRARY = "libc++";
				CLANG_ENABLE_MODULES = YES;
				CLANG_ENABLE_OBJC_ARC = YES;
				CLANG_ENABLE_OBJC_WEAK = YES;
				CLANG_WARN_BLOCK_CAPTURE_AUTORELEASING = YES;
				CLANG_WARN_BOOL_CONVERSION = YES;
				CLANG_WARN_COMMA = YES;
				CLANG_WARN_CONSTANT_CONVERSION = YES;
				CLANG_WARN_DEPRECATED_OBJC_IMPLEMENTATIONS = YES;
				CLANG_WARN_DIRECT_OBJC_ISA_USAGE = YES_ERROR;
				CLANG_WARN_DOCUMENTATION_COMMENTS = YES;
				CLANG_WARN_EMPTY_BODY = YES;
				CLANG_WARN_ENUM_CONVERSION = YES;
				CLANG_WARN_INFINITE_RECURSION = YES;
				CLANG_WARN_INT_CONVERSION = YES;
				CLANG_WARN_NON_LITERAL_NULL_CONVERSION = YES;
				CLANG_WARN_OBJC_IMPLICIT_RETAIN_SELF = YES;
				CLANG_WARN_OBJC_LITERAL_CONVERSION = YES;
				CLANG_WARN_OBJC_ROOT_CLASS = YES_ERROR;
				CLANG_WARN_RANGE_LOOP_ANALYSIS = YES;
				CLANG_WARN_STRICT_PROTOTYPES = YES;
				CLANG_WARN_SUSPICIOUS_MOVE = YES;
				CLANG_WARN_UNGUARDED_AVAILABILITY = YES_AGGRESSIVE;
				CLANG_WARN_UNREACHABLE_CODE = YES;
				CLANG_WARN__DUPLICATE_METHOD_MATCH = YES;
				CODE_SIGN_IDENTITY = "iPhone Developer";
				COPY_PHASE_STRIP = NO;
				DEBUG_INFORMATION_FORMAT = dwarf;
				ENABLE_STRICT_OBJC_MSGSEND = YES;
				ENABLE_TESTABILITY = YES;
				GCC_C_LANGUAGE_STANDARD = gnu11;
				GCC_DYNAMIC_NO_PIC = NO;
				GCC_NO_COMMON_BLOCKS = YES;
				GCC_OPTIMIZATION_LEVEL = 0;
				GCC_PREPROCESSOR_DEFINITIONS = (
					"DEBUG=1",
					"$(inherited)",
				);
				GCC_WARN_64_TO_32_BIT_CONVERSION = YES;
				GCC_WARN_ABOUT_RETURN_TYPE = YES_ERROR;
				GCC_WARN_UNDECLARED_SELECTOR = YES;
				GCC_WARN_UNINITIALIZED_AUTOS = YES_AGGRESSIVE;
				GCC_WARN_UNUSED_FUNCTION = YES;
				GCC_WARN_UNUSED_VARIABLE = YES;
				IPHONEOS_DEPLOYMENT_TARGET = 12.2;
				MTL_ENABLE_DEBUG_INFO = INCLUDE_SOURCE;
				MTL_FAST_MATH = YES;
				ONLY_ACTIVE_ARCH = YES;
				SDKROOT = iphoneos;
				SWIFT_ACTIVE_COMPILATION_CONDITIONS = DEBUG;
				SWIFT_OPTIMIZATION_LEVEL = "-Onone";
			};
			name = Debug;
		};
		86F426B022CAA5EA0032AA5B /* Release */ = {
			isa = XCBuildConfiguration;
			buildSettings = {
				ALWAYS_SEARCH_USER_PATHS = NO;
				CLANG_ANALYZER_NONNULL = YES;
				CLANG_ANALYZER_NUMBER_OBJECT_CONVERSION = YES_AGGRESSIVE;
				CLANG_CXX_LANGUAGE_STANDARD = "gnu++14";
				CLANG_CXX_LIBRARY = "libc++";
				CLANG_ENABLE_MODULES = YES;
				CLANG_ENABLE_OBJC_ARC = YES;
				CLANG_ENABLE_OBJC_WEAK = YES;
				CLANG_WARN_BLOCK_CAPTURE_AUTORELEASING = YES;
				CLANG_WARN_BOOL_CONVERSION = YES;
				CLANG_WARN_COMMA = YES;
				CLANG_WARN_CONSTANT_CONVERSION = YES;
				CLANG_WARN_DEPRECATED_OBJC_IMPLEMENTATIONS = YES;
				CLANG_WARN_DIRECT_OBJC_ISA_USAGE = YES_ERROR;
				CLANG_WARN_DOCUMENTATION_COMMENTS = YES;
				CLANG_WARN_EMPTY_BODY = YES;
				CLANG_WARN_ENUM_CONVERSION = YES;
				CLANG_WARN_INFINITE_RECURSION = YES;
				CLANG_WARN_INT_CONVERSION = YES;
				CLANG_WARN_NON_LITERAL_NULL_CONVERSION = YES;
				CLANG_WARN_OBJC_IMPLICIT_RETAIN_SELF = YES;
				CLANG_WARN_OBJC_LITERAL_CONVERSION = YES;
				CLANG_WARN_OBJC_ROOT_CLASS = YES_ERROR;
				CLANG_WARN_RANGE_LOOP_ANALYSIS = YES;
				CLANG_WARN_STRICT_PROTOTYPES = YES;
				CLANG_WARN_SUSPICIOUS_MOVE = YES;
				CLANG_WARN_UNGUARDED_AVAILABILITY = YES_AGGRESSIVE;
				CLANG_WARN_UNREACHABLE_CODE = YES;
				CLANG_WARN__DUPLICATE_METHOD_MATCH = YES;
				CODE_SIGN_IDENTITY = "iPhone Developer";
				COPY_PHASE_STRIP = NO;
				DEBUG_INFORMATION_FORMAT = "dwarf-with-dsym";
				ENABLE_NS_ASSERTIONS = NO;
				ENABLE_STRICT_OBJC_MSGSEND = YES;
				GCC_C_LANGUAGE_STANDARD = gnu11;
				GCC_NO_COMMON_BLOCKS = YES;
				GCC_WARN_64_TO_32_BIT_CONVERSION = YES;
				GCC_WARN_ABOUT_RETURN_TYPE = YES_ERROR;
				GCC_WARN_UNDECLARED_SELECTOR = YES;
				GCC_WARN_UNINITIALIZED_AUTOS = YES_AGGRESSIVE;
				GCC_WARN_UNUSED_FUNCTION = YES;
				GCC_WARN_UNUSED_VARIABLE = YES;
				IPHONEOS_DEPLOYMENT_TARGET = 12.2;
				MTL_ENABLE_DEBUG_INFO = NO;
				MTL_FAST_MATH = YES;
				SDKROOT = iphoneos;
				SWIFT_COMPILATION_MODE = wholemodule;
				SWIFT_OPTIMIZATION_LEVEL = "-O";
				VALIDATE_PRODUCT = YES;
			};
			name = Release;
		};
		86F426B222CAA5EA0032AA5B /* Debug */ = {
			isa = XCBuildConfiguration;
			buildSettings = {
				ASSETCATALOG_COMPILER_APPICON_NAME = AppIcon;
				CODE_SIGN_STYLE = Automatic;
				DEVELOPMENT_TEAM = CTAFH43K36;
				INFOPLIST_FILE = PropositoClient/Info.plist;
				IPHONEOS_DEPLOYMENT_TARGET = 12.2;
				LD_RUNPATH_SEARCH_PATHS = (
					"$(inherited)",
					"@executable_path/Frameworks",
				);
				PRODUCT_BUNDLE_IDENTIFIER = maatheusgois.PropositoClient;
				PRODUCT_NAME = "$(TARGET_NAME)";
				SWIFT_VERSION = 5.0;
				TARGETED_DEVICE_FAMILY = 1;
			};
			name = Debug;
		};
		86F426B322CAA5EA0032AA5B /* Release */ = {
			isa = XCBuildConfiguration;
			buildSettings = {
				ASSETCATALOG_COMPILER_APPICON_NAME = AppIcon;
				CODE_SIGN_STYLE = Automatic;
				DEVELOPMENT_TEAM = CTAFH43K36;
				INFOPLIST_FILE = PropositoClient/Info.plist;
				IPHONEOS_DEPLOYMENT_TARGET = 12.2;
				LD_RUNPATH_SEARCH_PATHS = (
					"$(inherited)",
					"@executable_path/Frameworks",
				);
				PRODUCT_BUNDLE_IDENTIFIER = maatheusgois.PropositoClient;
				PRODUCT_NAME = "$(TARGET_NAME)";
				SWIFT_VERSION = 5.0;
				TARGETED_DEVICE_FAMILY = 1;
			};
			name = Release;
		};
/* End XCBuildConfiguration section */

/* Begin XCConfigurationList section */
		86F4269722CAA5E80032AA5B /* Build configuration list for PBXProject "PropositoClient" */ = {
			isa = XCConfigurationList;
			buildConfigurations = (
				86F426AF22CAA5EA0032AA5B /* Debug */,
				86F426B022CAA5EA0032AA5B /* Release */,
			);
			defaultConfigurationIsVisible = 0;
			defaultConfigurationName = Release;
		};
		86F426B122CAA5EA0032AA5B /* Build configuration list for PBXNativeTarget "PropositoClient" */ = {
			isa = XCConfigurationList;
			buildConfigurations = (
				86F426B222CAA5EA0032AA5B /* Debug */,
				86F426B322CAA5EA0032AA5B /* Release */,
			);
			defaultConfigurationIsVisible = 0;
			defaultConfigurationName = Release;
		};
/* End XCConfigurationList section */

/* Begin XCVersionGroup section */
		86F426A622CAA5E80032AA5B /* PropositoClient.xcdatamodeld */ = {
			isa = XCVersionGroup;
			children = (
				86F426A722CAA5E80032AA5B /* PropositoClient.xcdatamodel */,
			);
			currentVersion = 86F426A722CAA5E80032AA5B /* PropositoClient.xcdatamodel */;
			name = PropositoClient.xcdatamodeld;
			path = ../PropositoClient.xcdatamodeld;
			sourceTree = "<group>";
			versionGroupType = wrapper.xcdatamodel;
		};
/* End XCVersionGroup section */
	};
	rootObject = 86F4269422CAA5E80032AA5B /* Project object */;
}
